// !$*UTF8*$!
{
	archiveVersion = 1;
	classes = {
	};
	objectVersion = 46;
	objects = {

/* Begin PBXBuildFile section */
		F1464AE5161DBC92000BA3B5 /* UIKit.framework in Frameworks */ = {isa = PBXBuildFile; fileRef = F1464AE4161DBC92000BA3B5 /* UIKit.framework */; };
		F1464AE7161DBC92000BA3B5 /* Foundation.framework in Frameworks */ = {isa = PBXBuildFile; fileRef = F1464AE6161DBC92000BA3B5 /* Foundation.framework */; };
		F1464AE9161DBC92000BA3B5 /* CoreGraphics.framework in Frameworks */ = {isa = PBXBuildFile; fileRef = F1464AE8161DBC92000BA3B5 /* CoreGraphics.framework */; };
		F1464AEF161DBC92000BA3B5 /* InfoPlist.strings in Resources */ = {isa = PBXBuildFile; fileRef = F1464AED161DBC92000BA3B5 /* InfoPlist.strings */; };
		F1464AF1161DBC92000BA3B5 /* main.m in Sources */ = {isa = PBXBuildFile; fileRef = F1464AF0161DBC92000BA3B5 /* main.m */; };
		F1464AF5161DBC92000BA3B5 /* AppDelegate.m in Sources */ = {isa = PBXBuildFile; fileRef = F1464AF4161DBC92000BA3B5 /* AppDelegate.m */; };
		F1464AF7161DBC92000BA3B5 /* Default.png in Resources */ = {isa = PBXBuildFile; fileRef = F1464AF6161DBC92000BA3B5 /* Default.png */; };
		F1464AF9161DBC92000BA3B5 /* Default@2x.png in Resources */ = {isa = PBXBuildFile; fileRef = F1464AF8161DBC92000BA3B5 /* Default@2x.png */; };
		F1464AFB161DBC92000BA3B5 /* Default-568h@2x.png in Resources */ = {isa = PBXBuildFile; fileRef = F1464AFA161DBC92000BA3B5 /* Default-568h@2x.png */; };
		F1464AFE161DBC92000BA3B5 /* ViewController.m in Sources */ = {isa = PBXBuildFile; fileRef = F1464AFD161DBC92000BA3B5 /* ViewController.m */; };
		F1464B01161DBC92000BA3B5 /* ViewController_iPhone.xib in Resources */ = {isa = PBXBuildFile; fileRef = F1464AFF161DBC92000BA3B5 /* ViewController_iPhone.xib */; };
		F1464B04161DBC92000BA3B5 /* ViewController_iPad.xib in Resources */ = {isa = PBXBuildFile; fileRef = F1464B02161DBC92000BA3B5 /* ViewController_iPad.xib */; };
/* End PBXBuildFile section */

/* Begin PBXFileReference section */
		F1464AE0161DBC92000BA3B5 /* 2.14_UITextField.app */ = {isa = PBXFileReference; explicitFileType = wrapper.application; includeInIndex = 0; path = 2.14_UITextField.app; sourceTree = BUILT_PRODUCTS_DIR; };
		F1464AE4161DBC92000BA3B5 /* UIKit.framework */ = {isa = PBXFileReference; lastKnownFileType = wrapper.framework; name = UIKit.framework; path = System/Library/Frameworks/UIKit.framework; sourceTree = SDKROOT; };
		F1464AE6161DBC92000BA3B5 /* Foundation.framework */ = {isa = PBXFileReference; lastKnownFileType = wrapper.framework; name = Foundation.framework; path = System/Library/Frameworks/Foundation.framework; sourceTree = SDKROOT; };
		F1464AE8161DBC92000BA3B5 /* CoreGraphics.framework */ = {isa = PBXFileReference; lastKnownFileType = wrapper.framework; name = CoreGraphics.framework; path = System/Library/Frameworks/CoreGraphics.framework; sourceTree = SDKROOT; };
		F1464AEC161DBC92000BA3B5 /* 2.14_UITextField-Info.plist */ = {isa = PBXFileReference; lastKnownFileType = text.plist.xml; path = "2.14_UITextField-Info.plist"; sourceTree = "<group>"; };
		F1464AEE161DBC92000BA3B5 /* en */ = {isa = PBXFileReference; lastKnownFileType = text.plist.strings; name = en; path = en.lproj/InfoPlist.strings; sourceTree = "<group>"; };
		F1464AF0161DBC92000BA3B5 /* main.m */ = {isa = PBXFileReference; lastKnownFileType = sourcecode.c.objc; path = main.m; sourceTree = "<group>"; };
		F1464AF2161DBC92000BA3B5 /* 2.14_UITextField-Prefix.pch */ = {isa = PBXFileReference; lastKnownFileType = sourcecode.c.h; path = "2.14_UITextField-Prefix.pch"; sourceTree = "<group>"; };
		F1464AF3161DBC92000BA3B5 /* AppDelegate.h */ = {isa = PBXFileReference; lastKnownFileType = sourcecode.c.h; path = AppDelegate.h; sourceTree = "<group>"; };
		F1464AF4161DBC92000BA3B5 /* AppDelegate.m */ = {isa = PBXFileReference; lastKnownFileType = sourcecode.c.objc; path = AppDelegate.m; sourceTree = "<group>"; };
		F1464AF6161DBC92000BA3B5 /* Default.png */ = {isa = PBXFileReference; lastKnownFileType = image.png; path = Default.png; sourceTree = "<group>"; };
		F1464AF8161DBC92000BA3B5 /* Default@2x.png */ = {isa = PBXFileReference; lastKnownFileType = image.png; path = "Default@2x.png"; sourceTree = "<group>"; };
		F1464AFA161DBC92000BA3B5 /* Default-568h@2x.png */ = {isa = PBXFileReference; lastKnownFileType = image.png; path = "Default-568h@2x.png"; sourceTree = "<group>"; };
		F1464AFC161DBC92000BA3B5 /* ViewController.h */ = {isa = PBXFileReference; lastKnownFileType = sourcecode.c.h; path = ViewController.h; sourceTree = "<group>"; };
		F1464AFD161DBC92000BA3B5 /* ViewController.m */ = {isa = PBXFileReference; lastKnownFileType = sourcecode.c.objc; path = ViewController.m; sourceTree = "<group>"; };
		F1464B00161DBC92000BA3B5 /* en */ = {isa = PBXFileReference; lastKnownFileType = file.xib; name = en; path = en.lproj/ViewController_iPhone.xib; sourceTree = "<group>"; };
		F1464B03161DBC92000BA3B5 /* en */ = {isa = PBXFileReference; lastKnownFileType = file.xib; name = en; path = en.lproj/ViewController_iPad.xib; sourceTree = "<group>"; };
/* End PBXFileReference section */

/* Begin PBXFrameworksBuildPhase section */
		F1464ADD161DBC92000BA3B5 /* Frameworks */ = {
			isa = PBXFrameworksBuildPhase;
			buildActionMask = 2147483647;
			files = (
				F1464AE5161DBC92000BA3B5 /* UIKit.framework in Frameworks */,
				F1464AE7161DBC92000BA3B5 /* Foundation.framework in Frameworks */,
				F1464AE9161DBC92000BA3B5 /* CoreGraphics.framework in Frameworks */,
			);
			runOnlyForDeploymentPostprocessing = 0;
		};
/* End PBXFrameworksBuildPhase section */

/* Begin PBXGroup section */
		F1464AD5161DBC92000BA3B5 = {
			isa = PBXGroup;
			children = (
				F1464AEA161DBC92000BA3B5 /* 2.14_UITextField */,
				F1464AE3161DBC92000BA3B5 /* Frameworks */,
				F1464AE1161DBC92000BA3B5 /* Products */,
			);
			sourceTree = "<group>";
		};
		F1464AE1161DBC92000BA3B5 /* Products */ = {
			isa = PBXGroup;
			children = (
				F1464AE0161DBC92000BA3B5 /* 2.14_UITextField.app */,
			);
			name = Products;
			sourceTree = "<group>";
		};
		F1464AE3161DBC92000BA3B5 /* Frameworks */ = {
			isa = PBXGroup;
			children = (
				F1464AE4161DBC92000BA3B5 /* UIKit.framework */,
				F1464AE6161DBC92000BA3B5 /* Foundation.framework */,
				F1464AE8161DBC92000BA3B5 /* CoreGraphics.framework */,
			);
			name = Frameworks;
			sourceTree = "<group>";
		};
		F1464AEA161DBC92000BA3B5 /* 2.14_UITextField */ = {
			isa = PBXGroup;
			children = (
				F1464AF3161DBC92000BA3B5 /* AppDelegate.h */,
				F1464AF4161DBC92000BA3B5 /* AppDelegate.m */,
				F1464AFC161DBC92000BA3B5 /* ViewController.h */,
				F1464AFD161DBC92000BA3B5 /* ViewController.m */,
				F1464AFF161DBC92000BA3B5 /* ViewController_iPhone.xib */,
				F1464B02161DBC92000BA3B5 /* ViewController_iPad.xib */,
				F1464AEB161DBC92000BA3B5 /* Supporting Files */,
			);
			path = 2.14_UITextField;
			sourceTree = "<group>";
		};
		F1464AEB161DBC92000BA3B5 /* Supporting Files */ = {
			isa = PBXGroup;
			children = (
				F1464AEC161DBC92000BA3B5 /* 2.14_UITextField-Info.plist */,
				F1464AED161DBC92000BA3B5 /* InfoPlist.strings */,
				F1464AF0161DBC92000BA3B5 /* main.m */,
				F1464AF2161DBC92000BA3B5 /* 2.14_UITextField-Prefix.pch */,
				F1464AF6161DBC92000BA3B5 /* Default.png */,
				F1464AF8161DBC92000BA3B5 /* Default@2x.png */,
				F1464AFA161DBC92000BA3B5 /* Default-568h@2x.png */,
			);
			name = "Supporting Files";
			sourceTree = "<group>";
		};
/* End PBXGroup section */

/* Begin PBXNativeTarget section */
		F1464ADF161DBC92000BA3B5 /* 2.14_UITextField */ = {
			isa = PBXNativeTarget;
			buildConfigurationList = F1464B07161DBC92000BA3B5 /* Build configuration list for PBXNativeTarget "2.14_UITextField" */;
			buildPhases = (
				F1464ADC161DBC92000BA3B5 /* Sources */,
				F1464ADD161DBC92000BA3B5 /* Frameworks */,
				F1464ADE161DBC92000BA3B5 /* Resources */,
			);
			buildRules = (
			);
			dependencies = (
			);
			name = 2.14_UITextField;
			productName = 2.14_UITextField;
			productReference = F1464AE0161DBC92000BA3B5 /* 2.14_UITextField.app */;
			productType = "com.apple.product-type.application";
		};
/* End PBXNativeTarget section */

/* Begin PBXProject section */
		F1464AD7161DBC92000BA3B5 /* Project object */ = {
			isa = PBXProject;
			attributes = {
				LastUpgradeCheck = 0450;
				ORGANIZATIONNAME = "Ding Orlando";
			};
			buildConfigurationList = F1464ADA161DBC92000BA3B5 /* Build configuration list for PBXProject "2.14_UITextField" */;
			compatibilityVersion = "Xcode 3.2";
			developmentRegion = English;
			hasScannedForEncodings = 0;
			knownRegions = (
				en,
			);
			mainGroup = F1464AD5161DBC92000BA3B5;
			productRefGroup = F1464AE1161DBC92000BA3B5 /* Products */;
			projectDirPath = "";
			projectRoot = "";
			targets = (
				F1464ADF161DBC92000BA3B5 /* 2.14_UITextField */,
			);
		};
/* End PBXProject section */

/* Begin PBXResourcesBuildPhase section */
		F1464ADE161DBC92000BA3B5 /* Resources */ = {
			isa = PBXResourcesBuildPhase;
			buildActionMask = 2147483647;
			files = (
				F1464AEF161DBC92000BA3B5 /* InfoPlist.strings in Resources */,
				F1464AF7161DBC92000BA3B5 /* Default.png in Resources */,
				F1464AF9161DBC92000BA3B5 /* Default@2x.png in Resources */,
				F1464AFB161DBC92000BA3B5 /* Default-568h@2x.png in Resources */,
				F1464B01161DBC92000BA3B5 /* ViewController_iPhone.xib in Resources */,
				F1464B04161DBC92000BA3B5 /* ViewController_iPad.xib in Resources */,
			);
			runOnlyForDeploymentPostprocessing = 0;
		};
/* End PBXResourcesBuildPhase section */

/* Begin PBXSourcesBuildPhase section */
		F1464ADC161DBC92000BA3B5 /* Sources */ = {
			isa = PBXSourcesBuildPhase;
			buildActionMask = 2147483647;
			files = (
				F1464AF1161DBC92000BA3B5 /* main.m in Sources */,
				F1464AF5161DBC92000BA3B5 /* AppDelegate.m in Sources */,
				F1464AFE161DBC92000BA3B5 /* ViewController.m in Sources */,
			);
			runOnlyForDeploymentPostprocessing = 0;
		};
/* End PBXSourcesBuildPhase section */

/* Begin PBXVariantGroup section */
		F1464AED161DBC92000BA3B5 /* InfoPlist.strings */ = {
			isa = PBXVariantGroup;
			children = (
				F1464AEE161DBC92000BA3B5 /* en */,
			);
			name = InfoPlist.strings;
			sourceTree = "<group>";
		};
		F1464AFF161DBC92000BA3B5 /* ViewController_iPhone.xib */ = {
			isa = PBXVariantGroup;
			children = (
				F1464B00161DBC92000BA3B5 /* en */,
			);
			name = ViewController_iPhone.xib;
			sourceTree = "<group>";
		};
		F1464B02161DBC92000BA3B5 /* ViewController_iPad.xib */ = {
			isa = PBXVariantGroup;
			children = (
				F1464B03161DBC92000BA3B5 /* en */,
			);
			name = ViewController_iPad.xib;
			sourceTree = "<group>";
		};
/* End PBXVariantGroup section */

/* Begin XCBuildConfiguration section */
		F1464B05161DBC92000BA3B5 /* Debug */ = {
			isa = XCBuildConfiguration;
			buildSettings = {
				ALWAYS_SEARCH_USER_PATHS = NO;
				CLANG_CXX_LANGUAGE_STANDARD = "gnu++0x";
				CLANG_CXX_LIBRARY = "libc++";
				CLANG_ENABLE_OBJC_ARC = YES;
				CLANG_WARN_EMPTY_BODY = YES;
				CLANG_WARN__DUPLICATE_METHOD_MATCH = YES;
				"CODE_SIGN_IDENTITY[sdk=iphoneos*]" = "iPhone Developer";
				COPY_PHASE_STRIP = NO;
				GCC_C_LANGUAGE_STANDARD = gnu99;
				GCC_DYNAMIC_NO_PIC = NO;
				GCC_OPTIMIZATION_LEVEL = 0;
				GCC_PREPROCESSOR_DEFINITIONS = (
					"DEBUG=1",
					"$(inherited)",
				);
				GCC_SYMBOLS_PRIVATE_EXTERN = NO;
				GCC_WARN_ABOUT_RETURN_TYPE = YES;
				GCC_WARN_UNINITIALIZED_AUTOS = YES;
				GCC_WARN_UNUSED_VARIABLE = YES;
				IPHONEOS_DEPLOYMENT_TARGET = 6.0;
				ONLY_ACTIVE_ARCH = YES;
				SDKROOT = iphoneos;
				TARGETED_DEVICE_FAMILY = "1,2";
			};
			name = Debug;
		};
		F1464B06161DBC92000BA3B5 /* Release */ = {
			isa = XCBuildConfiguration;
			buildSettings = {
				ALWAYS_SEARCH_USER_PATHS = NO;
				CLANG_CXX_LANGUAGE_STANDARD = "gnu++0x";
				CLANG_CXX_LIBRARY = "libc++";
				CLANG_ENABLE_OBJC_ARC = YES;
				CLANG_WARN_EMPTY_BODY = YES;
				CLANG_WARN__DUPLICATE_METHOD_MATCH = YES;
				"CODE_SIGN_IDENTITY[sdk=iphoneos*]" = "iPhone Developer";
				COPY_PHASE_STRIP = YES;
				GCC_C_LANGUAGE_STANDARD = gnu99;
				GCC_WARN_ABOUT_RETURN_TYPE = YES;
				GCC_WARN_UNINITIALIZED_AUTOS = YES;
				GCC_WARN_UNUSED_VARIABLE = YES;
				IPHONEOS_DEPLOYMENT_TARGET = 6.0;
				OTHER_CFLAGS = "-DNS_BLOCK_ASSERTIONS=1";
				SDKROOT = iphoneos;
				TARGETED_DEVICE_FAMILY = "1,2";
				VALIDATE_PRODUCT = YES;
			};
			name = Release;
		};
		F1464B08161DBC92000BA3B5 /* Debug */ = {
			isa = XCBuildConfiguration;
			buildSettings = {
				GCC_PRECOMPILE_PREFIX_HEADER = YES;
				GCC_PREFIX_HEADER = "2.14_UITextField/2.14_UITextField-Prefix.pch";
				INFOPLIST_FILE = "2.14_UITextField/2.14_UITextField-Info.plist";
				PRODUCT_NAME = "$(TARGET_NAME)";
				WRAPPER_EXTENSION = app;
			};
			name = Debug;
		};
		F1464B09161DBC92000BA3B5 /* Release */ = {
			isa = XCBuildConfiguration;
			buildSettings = {
				GCC_PRECOMPILE_PREFIX_HEADER = YES;
				GCC_PREFIX_HEADER = "2.14_UITextField/2.14_UITextField-Prefix.pch";
				INFOPLIST_FILE = "2.14_UITextField/2.14_UITextField-Info.plist";
				PRODUCT_NAME = "$(TARGET_NAME)";
				WRAPPER_EXTENSION = app;
			};
			name = Release;
		};
/* End XCBuildConfiguration section */

/* Begin XCConfigurationList section */
		F1464ADA161DBC92000BA3B5 /* Build configuration list for PBXProject "2.14_UITextField" */ = {
			isa = XCConfigurationList;
			buildConfigurations = (
				F1464B05161DBC92000BA3B5 /* Debug */,
				F1464B06161DBC92000BA3B5 /* Release */,
			);
			defaultConfigurationIsVisible = 0;
			defaultConfigurationName = Release;
		};
		F1464B07161DBC92000BA3B5 /* Build configuration list for PBXNativeTarget "2.14_UITextField" */ = {
			isa = XCConfigurationList;
			buildConfigurations = (
				F1464B08161DBC92000BA3B5 /* Debug */,
				F1464B09161DBC92000BA3B5 /* Release */,
			);
			defaultConfigurationIsVisible = 0;
		};
/* End XCConfigurationList section */
	};
	rootObject = F1464AD7161DBC92000BA3B5 /* Project object */;
}
