// !$*UTF8*$!
{
	archiveVersion = 1;
	classes = {
	};
	objectVersion = 46;
	objects = {

/* Begin PBXBuildFile section */
		F4581E4616C61BA500BC58E2 /* CardMatchingGame.m in Sources */ = {isa = PBXBuildFile; fileRef = F4581E4516C61BA500BC58E2 /* CardMatchingGame.m */; };
		F468ACD416CB465700566E49 /* cardBack.png in Resources */ = {isa = PBXBuildFile; fileRef = F468ACD216CB465700566E49 /* cardBack.png */; };
		F468ACD516CB465700566E49 /* cardBack@2x.png in Resources */ = {isa = PBXBuildFile; fileRef = F468ACD316CB465700566E49 /* cardBack@2x.png */; };
		F477639A16C49FD7007CC67C /* UIKit.framework in Frameworks */ = {isa = PBXBuildFile; fileRef = F477639916C49FD7007CC67C /* UIKit.framework */; };
		F477639C16C49FD7007CC67C /* Foundation.framework in Frameworks */ = {isa = PBXBuildFile; fileRef = F477639B16C49FD7007CC67C /* Foundation.framework */; };
		F477639E16C49FD7007CC67C /* CoreGraphics.framework in Frameworks */ = {isa = PBXBuildFile; fileRef = F477639D16C49FD7007CC67C /* CoreGraphics.framework */; };
		F47763A416C49FD7007CC67C /* InfoPlist.strings in Resources */ = {isa = PBXBuildFile; fileRef = F47763A216C49FD7007CC67C /* InfoPlist.strings */; };
		F47763A616C49FD7007CC67C /* main.m in Sources */ = {isa = PBXBuildFile; fileRef = F47763A516C49FD7007CC67C /* main.m */; };
		F47763AA16C49FD7007CC67C /* CardGameAppDelegate.m in Sources */ = {isa = PBXBuildFile; fileRef = F47763A916C49FD7007CC67C /* CardGameAppDelegate.m */; };
		F47763AC16C49FD7007CC67C /* Default.png in Resources */ = {isa = PBXBuildFile; fileRef = F47763AB16C49FD7007CC67C /* Default.png */; };
		F47763AE16C49FD7007CC67C /* Default@2x.png in Resources */ = {isa = PBXBuildFile; fileRef = F47763AD16C49FD7007CC67C /* Default@2x.png */; };
		F47763B016C49FD7007CC67C /* Default-568h@2x.png in Resources */ = {isa = PBXBuildFile; fileRef = F47763AF16C49FD7007CC67C /* Default-568h@2x.png */; };
		F47763B316C49FD7007CC67C /* MainStoryboard.storyboard in Resources */ = {isa = PBXBuildFile; fileRef = F47763B116C49FD7007CC67C /* MainStoryboard.storyboard */; };
		F47763B616C49FD7007CC67C /* CardGameViewController.m in Sources */ = {isa = PBXBuildFile; fileRef = F47763B516C49FD7007CC67C /* CardGameViewController.m */; };
		F47763BE16C4A2B7007CC67C /* Card.m in Sources */ = {isa = PBXBuildFile; fileRef = F47763BD16C4A2B7007CC67C /* Card.m */; };
		F47763C216C4A2E8007CC67C /* Deck.m in Sources */ = {isa = PBXBuildFile; fileRef = F47763C116C4A2E8007CC67C /* Deck.m */; };
		F47763C516C4A31A007CC67C /* PlayingCard.m in Sources */ = {isa = PBXBuildFile; fileRef = F47763C416C4A31A007CC67C /* PlayingCard.m */; };
		F47763C816C4A329007CC67C /* PlayingCardDeck.m in Sources */ = {isa = PBXBuildFile; fileRef = F47763C716C4A329007CC67C /* PlayingCardDeck.m */; };
/* End PBXBuildFile section */

/* Begin PBXFileReference section */
		F4581E4416C61BA500BC58E2 /* CardMatchingGame.h */ = {isa = PBXFileReference; fileEncoding = 4; lastKnownFileType = sourcecode.c.h; path = CardMatchingGame.h; sourceTree = "<group>"; };
		F4581E4516C61BA500BC58E2 /* CardMatchingGame.m */ = {isa = PBXFileReference; fileEncoding = 4; lastKnownFileType = sourcecode.c.objc; path = CardMatchingGame.m; sourceTree = "<group>"; };
		F468ACD216CB465700566E49 /* cardBack.png */ = {isa = PBXFileReference; lastKnownFileType = image.png; path = cardBack.png; sourceTree = "<group>"; };
		F468ACD316CB465700566E49 /* cardBack@2x.png */ = {isa = PBXFileReference; lastKnownFileType = image.png; path = "cardBack@2x.png"; sourceTree = "<group>"; };
		F477639616C49FD7007CC67C /* Matchismo.app */ = {isa = PBXFileReference; explicitFileType = wrapper.application; includeInIndex = 0; path = Matchismo.app; sourceTree = BUILT_PRODUCTS_DIR; };
		F477639916C49FD7007CC67C /* UIKit.framework */ = {isa = PBXFileReference; lastKnownFileType = wrapper.framework; name = UIKit.framework; path = System/Library/Frameworks/UIKit.framework; sourceTree = SDKROOT; };
		F477639B16C49FD7007CC67C /* Foundation.framework */ = {isa = PBXFileReference; lastKnownFileType = wrapper.framework; name = Foundation.framework; path = System/Library/Frameworks/Foundation.framework; sourceTree = SDKROOT; };
		F477639D16C49FD7007CC67C /* CoreGraphics.framework */ = {isa = PBXFileReference; lastKnownFileType = wrapper.framework; name = CoreGraphics.framework; path = System/Library/Frameworks/CoreGraphics.framework; sourceTree = SDKROOT; };
		F47763A116C49FD7007CC67C /* Matchismo-Info.plist */ = {isa = PBXFileReference; lastKnownFileType = text.plist.xml; path = "Matchismo-Info.plist"; sourceTree = "<group>"; };
		F47763A316C49FD7007CC67C /* en */ = {isa = PBXFileReference; lastKnownFileType = text.plist.strings; name = en; path = en.lproj/InfoPlist.strings; sourceTree = "<group>"; };
		F47763A516C49FD7007CC67C /* main.m */ = {isa = PBXFileReference; lastKnownFileType = sourcecode.c.objc; path = main.m; sourceTree = "<group>"; };
		F47763A716C49FD7007CC67C /* Matchismo-Prefix.pch */ = {isa = PBXFileReference; lastKnownFileType = sourcecode.c.h; path = "Matchismo-Prefix.pch"; sourceTree = "<group>"; };
		F47763A816C49FD7007CC67C /* CardGameAppDelegate.h */ = {isa = PBXFileReference; lastKnownFileType = sourcecode.c.h; path = CardGameAppDelegate.h; sourceTree = "<group>"; };
		F47763A916C49FD7007CC67C /* CardGameAppDelegate.m */ = {isa = PBXFileReference; lastKnownFileType = sourcecode.c.objc; path = CardGameAppDelegate.m; sourceTree = "<group>"; };
		F47763AB16C49FD7007CC67C /* Default.png */ = {isa = PBXFileReference; lastKnownFileType = image.png; path = Default.png; sourceTree = "<group>"; };
		F47763AD16C49FD7007CC67C /* Default@2x.png */ = {isa = PBXFileReference; lastKnownFileType = image.png; path = "Default@2x.png"; sourceTree = "<group>"; };
		F47763AF16C49FD7007CC67C /* Default-568h@2x.png */ = {isa = PBXFileReference; lastKnownFileType = image.png; path = "Default-568h@2x.png"; sourceTree = "<group>"; };
		F47763B216C49FD7007CC67C /* en */ = {isa = PBXFileReference; lastKnownFileType = file.storyboard; name = en; path = en.lproj/MainStoryboard.storyboard; sourceTree = "<group>"; };
		F47763B416C49FD7007CC67C /* CardGameViewController.h */ = {isa = PBXFileReference; lastKnownFileType = sourcecode.c.h; path = CardGameViewController.h; sourceTree = "<group>"; };
		F47763B516C49FD7007CC67C /* CardGameViewController.m */ = {isa = PBXFileReference; lastKnownFileType = sourcecode.c.objc; path = CardGameViewController.m; sourceTree = "<group>"; };
		F47763BC16C4A2B7007CC67C /* Card.h */ = {isa = PBXFileReference; fileEncoding = 4; lastKnownFileType = sourcecode.c.h; name = Card.h; path = Model/Card.h; sourceTree = "<group>"; };
		F47763BD16C4A2B7007CC67C /* Card.m */ = {isa = PBXFileReference; fileEncoding = 4; lastKnownFileType = sourcecode.c.objc; name = Card.m; path = Model/Card.m; sourceTree = "<group>"; };
		F47763C016C4A2E8007CC67C /* Deck.h */ = {isa = PBXFileReference; fileEncoding = 4; lastKnownFileType = sourcecode.c.h; name = Deck.h; path = Model/Deck.h; sourceTree = "<group>"; };
		F47763C116C4A2E8007CC67C /* Deck.m */ = {isa = PBXFileReference; fileEncoding = 4; lastKnownFileType = sourcecode.c.objc; name = Deck.m; path = Model/Deck.m; sourceTree = "<group>"; };
		F47763C316C4A31A007CC67C /* PlayingCard.h */ = {isa = PBXFileReference; fileEncoding = 4; lastKnownFileType = sourcecode.c.h; name = PlayingCard.h; path = Model/PlayingCard.h; sourceTree = "<group>"; };
		F47763C416C4A31A007CC67C /* PlayingCard.m */ = {isa = PBXFileReference; fileEncoding = 4; lastKnownFileType = sourcecode.c.objc; name = PlayingCard.m; path = Model/PlayingCard.m; sourceTree = "<group>"; };
		F47763C616C4A329007CC67C /* PlayingCardDeck.h */ = {isa = PBXFileReference; fileEncoding = 4; lastKnownFileType = sourcecode.c.h; name = PlayingCardDeck.h; path = Model/PlayingCardDeck.h; sourceTree = "<group>"; };
		F47763C716C4A329007CC67C /* PlayingCardDeck.m */ = {isa = PBXFileReference; fileEncoding = 4; lastKnownFileType = sourcecode.c.objc; name = PlayingCardDeck.m; path = Model/PlayingCardDeck.m; sourceTree = "<group>"; };
/* End PBXFileReference section */

/* Begin PBXFrameworksBuildPhase section */
		F477639316C49FD7007CC67C /* Frameworks */ = {
			isa = PBXFrameworksBuildPhase;
			buildActionMask = 2147483647;
			files = (
				F477639A16C49FD7007CC67C /* UIKit.framework in Frameworks */,
				F477639C16C49FD7007CC67C /* Foundation.framework in Frameworks */,
				F477639E16C49FD7007CC67C /* CoreGraphics.framework in Frameworks */,
			);
			runOnlyForDeploymentPostprocessing = 0;
		};
/* End PBXFrameworksBuildPhase section */

/* Begin PBXGroup section */
		F477638D16C49FD7007CC67C = {
			isa = PBXGroup;
			children = (
				F477639F16C49FD7007CC67C /* Matchismo */,
				F477639816C49FD7007CC67C /* Frameworks */,
				F477639716C49FD7007CC67C /* Products */,
			);
			sourceTree = "<group>";
		};
		F477639716C49FD7007CC67C /* Products */ = {
			isa = PBXGroup;
			children = (
				F477639616C49FD7007CC67C /* Matchismo.app */,
			);
			name = Products;
			sourceTree = "<group>";
		};
		F477639816C49FD7007CC67C /* Frameworks */ = {
			isa = PBXGroup;
			children = (
				F477639916C49FD7007CC67C /* UIKit.framework */,
				F477639B16C49FD7007CC67C /* Foundation.framework */,
				F477639D16C49FD7007CC67C /* CoreGraphics.framework */,
			);
			name = Frameworks;
			sourceTree = "<group>";
		};
		F477639F16C49FD7007CC67C /* Matchismo */ = {
			isa = PBXGroup;
			children = (
				F468ACD216CB465700566E49 /* cardBack.png */,
				F468ACD316CB465700566E49 /* cardBack@2x.png */,
				F47763A816C49FD7007CC67C /* CardGameAppDelegate.h */,
				F47763A916C49FD7007CC67C /* CardGameAppDelegate.m */,
				F47763B116C49FD7007CC67C /* MainStoryboard.storyboard */,
				F47763B416C49FD7007CC67C /* CardGameViewController.h */,
				F47763B516C49FD7007CC67C /* CardGameViewController.m */,
				F47763A016C49FD7007CC67C /* Supporting Files */,
				F47763BF16C4A2BD007CC67C /* Model */,
			);
			path = Matchismo;
			sourceTree = "<group>";
		};
		F47763A016C49FD7007CC67C /* Supporting Files */ = {
			isa = PBXGroup;
			children = (
				F47763A116C49FD7007CC67C /* Matchismo-Info.plist */,
				F47763A216C49FD7007CC67C /* InfoPlist.strings */,
				F47763A516C49FD7007CC67C /* main.m */,
				F47763A716C49FD7007CC67C /* Matchismo-Prefix.pch */,
				F47763AB16C49FD7007CC67C /* Default.png */,
				F47763AD16C49FD7007CC67C /* Default@2x.png */,
				F47763AF16C49FD7007CC67C /* Default-568h@2x.png */,
			);
			name = "Supporting Files";
			sourceTree = "<group>";
		};
		F47763BF16C4A2BD007CC67C /* Model */ = {
			isa = PBXGroup;
			children = (
				F4581E4416C61BA500BC58E2 /* CardMatchingGame.h */,
				F4581E4516C61BA500BC58E2 /* CardMatchingGame.m */,
				F47763BC16C4A2B7007CC67C /* Card.h */,
				F47763BD16C4A2B7007CC67C /* Card.m */,
				F47763C016C4A2E8007CC67C /* Deck.h */,
				F47763C116C4A2E8007CC67C /* Deck.m */,
				F47763C316C4A31A007CC67C /* PlayingCard.h */,
				F47763C416C4A31A007CC67C /* PlayingCard.m */,
				F47763C616C4A329007CC67C /* PlayingCardDeck.h */,
				F47763C716C4A329007CC67C /* PlayingCardDeck.m */,
			);
			name = Model;
			sourceTree = "<group>";
		};
/* End PBXGroup section */

/* Begin PBXNativeTarget section */
		F477639516C49FD7007CC67C /* Matchismo */ = {
			isa = PBXNativeTarget;
			buildConfigurationList = F47763B916C49FD7007CC67C /* Build configuration list for PBXNativeTarget "Matchismo" */;
			buildPhases = (
				F477639216C49FD7007CC67C /* Sources */,
				F477639316C49FD7007CC67C /* Frameworks */,
				F477639416C49FD7007CC67C /* Resources */,
			);
			buildRules = (
			);
			dependencies = (
			);
			name = Matchismo;
			productName = Matchismo;
			productReference = F477639616C49FD7007CC67C /* Matchismo.app */;
			productType = "com.apple.product-type.application";
		};
/* End PBXNativeTarget section */

/* Begin PBXProject section */
		F477638E16C49FD7007CC67C /* Project object */ = {
			isa = PBXProject;
			attributes = {
				CLASSPREFIX = CardGame;
				LastUpgradeCheck = 0460;
				ORGANIZATIONNAME = "Simon Fairbairn";
			};
			buildConfigurationList = F477639116C49FD7007CC67C /* Build configuration list for PBXProject "Matchismo" */;
			compatibilityVersion = "Xcode 3.2";
			developmentRegion = English;
			hasScannedForEncodings = 0;
			knownRegions = (
				en,
			);
			mainGroup = F477638D16C49FD7007CC67C;
			productRefGroup = F477639716C49FD7007CC67C /* Products */;
			projectDirPath = "";
			projectRoot = "";
			targets = (
				F477639516C49FD7007CC67C /* Matchismo */,
			);
		};
/* End PBXProject section */

/* Begin PBXResourcesBuildPhase section */
		F477639416C49FD7007CC67C /* Resources */ = {
			isa = PBXResourcesBuildPhase;
			buildActionMask = 2147483647;
			files = (
				F47763A416C49FD7007CC67C /* InfoPlist.strings in Resources */,
				F47763AC16C49FD7007CC67C /* Default.png in Resources */,
				F47763AE16C49FD7007CC67C /* Default@2x.png in Resources */,
				F47763B016C49FD7007CC67C /* Default-568h@2x.png in Resources */,
				F47763B316C49FD7007CC67C /* MainStoryboard.storyboard in Resources */,
				F468ACD416CB465700566E49 /* cardBack.png in Resources */,
				F468ACD516CB465700566E49 /* cardBack@2x.png in Resources */,
			);
			runOnlyForDeploymentPostprocessing = 0;
		};
/* End PBXResourcesBuildPhase section */

/* Begin PBXSourcesBuildPhase section */
		F477639216C49FD7007CC67C /* Sources */ = {
			isa = PBXSourcesBuildPhase;
			buildActionMask = 2147483647;
			files = (
				F47763A616C49FD7007CC67C /* main.m in Sources */,
				F47763AA16C49FD7007CC67C /* CardGameAppDelegate.m in Sources */,
				F47763B616C49FD7007CC67C /* CardGameViewController.m in Sources */,
				F47763BE16C4A2B7007CC67C /* Card.m in Sources */,
				F47763C216C4A2E8007CC67C /* Deck.m in Sources */,
				F47763C516C4A31A007CC67C /* PlayingCard.m in Sources */,
				F47763C816C4A329007CC67C /* PlayingCardDeck.m in Sources */,
				F4581E4616C61BA500BC58E2 /* CardMatchingGame.m in Sources */,
			);
			runOnlyForDeploymentPostprocessing = 0;
		};
/* End PBXSourcesBuildPhase section */

/* Begin PBXVariantGroup section */
		F47763A216C49FD7007CC67C /* InfoPlist.strings */ = {
			isa = PBXVariantGroup;
			children = (
				F47763A316C49FD7007CC67C /* en */,
			);
			name = InfoPlist.strings;
			sourceTree = "<group>";
		};
		F47763B116C49FD7007CC67C /* MainStoryboard.storyboard */ = {
			isa = PBXVariantGroup;
			children = (
				F47763B216C49FD7007CC67C /* en */,
			);
			name = MainStoryboard.storyboard;
			sourceTree = "<group>";
		};
/* End PBXVariantGroup section */

/* Begin XCBuildConfiguration section */
		F47763B716C49FD7007CC67C /* Debug */ = {
			isa = XCBuildConfiguration;
			buildSettings = {
				ALWAYS_SEARCH_USER_PATHS = NO;
				CLANG_CXX_LANGUAGE_STANDARD = "gnu++0x";
				CLANG_CXX_LIBRARY = "libc++";
				CLANG_ENABLE_OBJC_ARC = YES;
				CLANG_WARN_CONSTANT_CONVERSION = YES;
				CLANG_WARN_EMPTY_BODY = YES;
				CLANG_WARN_ENUM_CONVERSION = YES;
				CLANG_WARN_INT_CONVERSION = YES;
				CLANG_WARN__DUPLICATE_METHOD_MATCH = YES;
				"CODE_SIGN_IDENTITY[sdk=iphoneos*]" = "iPhone Developer";
				COPY_PHASE_STRIP = NO;
				GCC_C_LANGUAGE_STANDARD = gnu99;
				GCC_DYNAMIC_NO_PIC = NO;
				GCC_OPTIMIZATION_LEVEL = 0;
				GCC_PREPROCESSOR_DEFINITIONS = (
					"DEBUG=1",
					"$(inherited)",
				);
				GCC_SYMBOLS_PRIVATE_EXTERN = NO;
				GCC_WARN_ABOUT_RETURN_TYPE = YES;
				GCC_WARN_UNINITIALIZED_AUTOS = YES;
				GCC_WARN_UNUSED_VARIABLE = YES;
				IPHONEOS_DEPLOYMENT_TARGET = 6.1;
				ONLY_ACTIVE_ARCH = YES;
				SDKROOT = iphoneos;
			};
			name = Debug;
		};
		F47763B816C49FD7007CC67C /* Release */ = {
			isa = XCBuildConfiguration;
			buildSettings = {
				ALWAYS_SEARCH_USER_PATHS = NO;
				CLANG_CXX_LANGUAGE_STANDARD = "gnu++0x";
				CLANG_CXX_LIBRARY = "libc++";
				CLANG_ENABLE_OBJC_ARC = YES;
				CLANG_WARN_CONSTANT_CONVERSION = YES;
				CLANG_WARN_EMPTY_BODY = YES;
				CLANG_WARN_ENUM_CONVERSION = YES;
				CLANG_WARN_INT_CONVERSION = YES;
				CLANG_WARN__DUPLICATE_METHOD_MATCH = YES;
				"CODE_SIGN_IDENTITY[sdk=iphoneos*]" = "iPhone Developer";
				COPY_PHASE_STRIP = YES;
				GCC_C_LANGUAGE_STANDARD = gnu99;
				GCC_WARN_ABOUT_RETURN_TYPE = YES;
				GCC_WARN_UNINITIALIZED_AUTOS = YES;
				GCC_WARN_UNUSED_VARIABLE = YES;
				IPHONEOS_DEPLOYMENT_TARGET = 6.1;
				OTHER_CFLAGS = "-DNS_BLOCK_ASSERTIONS=1";
				SDKROOT = iphoneos;
				VALIDATE_PRODUCT = YES;
			};
			name = Release;
		};
		F47763BA16C49FD7007CC67C /* Debug */ = {
			isa = XCBuildConfiguration;
			buildSettings = {
				GCC_PRECOMPILE_PREFIX_HEADER = YES;
				GCC_PREFIX_HEADER = "Matchismo/Matchismo-Prefix.pch";
				INFOPLIST_FILE = "Matchismo/Matchismo-Info.plist";
				PRODUCT_NAME = "$(TARGET_NAME)";
				WRAPPER_EXTENSION = app;
			};
			name = Debug;
		};
		F47763BB16C49FD7007CC67C /* Release */ = {
			isa = XCBuildConfiguration;
			buildSettings = {
				GCC_PRECOMPILE_PREFIX_HEADER = YES;
				GCC_PREFIX_HEADER = "Matchismo/Matchismo-Prefix.pch";
				INFOPLIST_FILE = "Matchismo/Matchismo-Info.plist";
				PRODUCT_NAME = "$(TARGET_NAME)";
				WRAPPER_EXTENSION = app;
			};
			name = Release;
		};
/* End XCBuildConfiguration section */

/* Begin XCConfigurationList section */
		F477639116C49FD7007CC67C /* Build configuration list for PBXProject "Matchismo" */ = {
			isa = XCConfigurationList;
			buildConfigurations = (
				F47763B716C49FD7007CC67C /* Debug */,
				F47763B816C49FD7007CC67C /* Release */,
			);
			defaultConfigurationIsVisible = 0;
			defaultConfigurationName = Release;
		};
		F47763B916C49FD7007CC67C /* Build configuration list for PBXNativeTarget "Matchismo" */ = {
			isa = XCConfigurationList;
			buildConfigurations = (
				F47763BA16C49FD7007CC67C /* Debug */,
				F47763BB16C49FD7007CC67C /* Release */,
			);
			defaultConfigurationIsVisible = 0;
			defaultConfigurationName = Release;
		};
/* End XCConfigurationList section */
	};
	rootObject = F477638E16C49FD7007CC67C /* Project object */;
}
