// !$*UTF8*$!
{
	archiveVersion = 1;
	classes = {
	};
	objectVersion = 46;
	objects = {

/* Begin PBXBuildFile section */
		F1106A831708353D00251825 /* woodBackLeft.png in Resources */ = {isa = PBXBuildFile; fileRef = F1106A7B1708353D00251825 /* woodBackLeft.png */; };
		F1106A841708353D00251825 /* woodBackLeft@2x.png in Resources */ = {isa = PBXBuildFile; fileRef = F1106A7C1708353D00251825 /* woodBackLeft@2x.png */; };
		F1106A851708353D00251825 /* woodBackRight.png in Resources */ = {isa = PBXBuildFile; fileRef = F1106A7D1708353D00251825 /* woodBackRight.png */; };
		F1106A861708353D00251825 /* woodBackRight@2x.png in Resources */ = {isa = PBXBuildFile; fileRef = F1106A7E1708353D00251825 /* woodBackRight@2x.png */; };
		F1106A871708353D00251825 /* WoodTile@2x~ipad.jpg in Resources */ = {isa = PBXBuildFile; fileRef = F1106A7F1708353D00251825 /* WoodTile@2x~ipad.jpg */; };
		F1106A881708353D00251825 /* WoodTile@2x~iphone.jpg in Resources */ = {isa = PBXBuildFile; fileRef = F1106A801708353D00251825 /* WoodTile@2x~iphone.jpg */; };
		F1106A891708353D00251825 /* WoodTile~ipad.jpg in Resources */ = {isa = PBXBuildFile; fileRef = F1106A811708353D00251825 /* WoodTile~ipad.jpg */; };
		F1106A8A1708353D00251825 /* WoodTile~iphone.jpg in Resources */ = {isa = PBXBuildFile; fileRef = F1106A821708353D00251825 /* WoodTile~iphone.jpg */; };
		F1106A971708354800251825 /* Shelf-Hybrid@2x~ipad.png in Resources */ = {isa = PBXBuildFile; fileRef = F1106A8C1708354800251825 /* Shelf-Hybrid@2x~ipad.png */; };
		F1106A981708354800251825 /* Shelf-Hybrid~ipad.png in Resources */ = {isa = PBXBuildFile; fileRef = F1106A8D1708354800251825 /* Shelf-Hybrid~ipad.png */; };
		F1106A991708354800251825 /* Shelf-Landscape-568h@2x~iphone.png in Resources */ = {isa = PBXBuildFile; fileRef = F1106A8E1708354800251825 /* Shelf-Landscape-568h@2x~iphone.png */; };
		F1106A9A1708354800251825 /* Shelf-Landscape@2x~ipad.png in Resources */ = {isa = PBXBuildFile; fileRef = F1106A8F1708354800251825 /* Shelf-Landscape@2x~ipad.png */; };
		F1106A9B1708354800251825 /* Shelf-Landscape@2x~iphone.png in Resources */ = {isa = PBXBuildFile; fileRef = F1106A901708354800251825 /* Shelf-Landscape@2x~iphone.png */; };
		F1106A9C1708354800251825 /* Shelf-Landscape~ipad.png in Resources */ = {isa = PBXBuildFile; fileRef = F1106A911708354800251825 /* Shelf-Landscape~ipad.png */; };
		F1106A9D1708354800251825 /* Shelf-Landscape~iphone.png in Resources */ = {isa = PBXBuildFile; fileRef = F1106A921708354800251825 /* Shelf-Landscape~iphone.png */; };
		F1106A9E1708354800251825 /* Shelf@2x~ipad.png in Resources */ = {isa = PBXBuildFile; fileRef = F1106A931708354800251825 /* Shelf@2x~ipad.png */; };
		F1106A9F1708354800251825 /* Shelf@2x~iphone.png in Resources */ = {isa = PBXBuildFile; fileRef = F1106A941708354800251825 /* Shelf@2x~iphone.png */; };
		F1106AA01708354800251825 /* Shelf~ipad.png in Resources */ = {isa = PBXBuildFile; fileRef = F1106A951708354800251825 /* Shelf~ipad.png */; };
		F1106AA11708354800251825 /* Shelf~iphone.png in Resources */ = {isa = PBXBuildFile; fileRef = F1106A961708354800251825 /* Shelf~iphone.png */; };
		F143DBBC1706DE4400818924 /* UIKit.framework in Frameworks */ = {isa = PBXBuildFile; fileRef = F143DBBB1706DE4400818924 /* UIKit.framework */; };
		F143DBBE1706DE4400818924 /* Foundation.framework in Frameworks */ = {isa = PBXBuildFile; fileRef = F143DBBD1706DE4400818924 /* Foundation.framework */; };
		F143DBC01706DE4400818924 /* CoreGraphics.framework in Frameworks */ = {isa = PBXBuildFile; fileRef = F143DBBF1706DE4400818924 /* CoreGraphics.framework */; };
		F143DBC61706DE4400818924 /* InfoPlist.strings in Resources */ = {isa = PBXBuildFile; fileRef = F143DBC41706DE4400818924 /* InfoPlist.strings */; };
		F143DBC81706DE4400818924 /* main.m in Sources */ = {isa = PBXBuildFile; fileRef = F143DBC71706DE4400818924 /* main.m */; };
		F143DBCC1706DE4500818924 /* BKAppDelegate.m in Sources */ = {isa = PBXBuildFile; fileRef = F143DBCB1706DE4500818924 /* BKAppDelegate.m */; };
		F143DBCE1706DE4500818924 /* Default.png in Resources */ = {isa = PBXBuildFile; fileRef = F143DBCD1706DE4500818924 /* Default.png */; };
		F143DBD01706DE4500818924 /* Default@2x.png in Resources */ = {isa = PBXBuildFile; fileRef = F143DBCF1706DE4500818924 /* Default@2x.png */; };
		F143DBD21706DE4500818924 /* Default-568h@2x.png in Resources */ = {isa = PBXBuildFile; fileRef = F143DBD11706DE4500818924 /* Default-568h@2x.png */; };
		F143DBDB1706DE4500818924 /* BKNavViewController.m in Sources */ = {isa = PBXBuildFile; fileRef = F143DBDA1706DE4500818924 /* BKNavViewController.m */; };
		F15DFB851706FD19005A7CAE /* NavBar-Landscape@2x~iphone.png in Resources */ = {isa = PBXBuildFile; fileRef = F15DFB7F1706FD19005A7CAE /* NavBar-Landscape@2x~iphone.png */; };
		F15DFB861706FD19005A7CAE /* NavBar-Landscape~iphone.png in Resources */ = {isa = PBXBuildFile; fileRef = F15DFB801706FD19005A7CAE /* NavBar-Landscape~iphone.png */; };
		F15DFB871706FD19005A7CAE /* NavBar@2x~ipad.png in Resources */ = {isa = PBXBuildFile; fileRef = F15DFB811706FD19005A7CAE /* NavBar@2x~ipad.png */; };
		F15DFB881706FD19005A7CAE /* NavBar@2x~iphone.png in Resources */ = {isa = PBXBuildFile; fileRef = F15DFB821706FD19005A7CAE /* NavBar@2x~iphone.png */; };
		F15DFB891706FD19005A7CAE /* NavBar~ipad.png in Resources */ = {isa = PBXBuildFile; fileRef = F15DFB831706FD19005A7CAE /* NavBar~ipad.png */; };
		F15DFB8A1706FD19005A7CAE /* NavBar~iphone.png in Resources */ = {isa = PBXBuildFile; fileRef = F15DFB841706FD19005A7CAE /* NavBar~iphone.png */; };
/* End PBXBuildFile section */

/* Begin PBXFileReference section */
		F1106A7B1708353D00251825 /* woodBackLeft.png */ = {isa = PBXFileReference; lastKnownFileType = image.png; path = woodBackLeft.png; sourceTree = "<group>"; };
		F1106A7C1708353D00251825 /* woodBackLeft@2x.png */ = {isa = PBXFileReference; lastKnownFileType = image.png; path = "woodBackLeft@2x.png"; sourceTree = "<group>"; };
		F1106A7D1708353D00251825 /* woodBackRight.png */ = {isa = PBXFileReference; lastKnownFileType = image.png; path = woodBackRight.png; sourceTree = "<group>"; };
		F1106A7E1708353D00251825 /* woodBackRight@2x.png */ = {isa = PBXFileReference; lastKnownFileType = image.png; path = "woodBackRight@2x.png"; sourceTree = "<group>"; };
		F1106A7F1708353D00251825 /* WoodTile@2x~ipad.jpg */ = {isa = PBXFileReference; lastKnownFileType = image.jpeg; path = "WoodTile@2x~ipad.jpg"; sourceTree = "<group>"; };
		F1106A801708353D00251825 /* WoodTile@2x~iphone.jpg */ = {isa = PBXFileReference; lastKnownFileType = image.jpeg; path = "WoodTile@2x~iphone.jpg"; sourceTree = "<group>"; };
		F1106A811708353D00251825 /* WoodTile~ipad.jpg */ = {isa = PBXFileReference; lastKnownFileType = image.jpeg; path = "WoodTile~ipad.jpg"; sourceTree = "<group>"; };
		F1106A821708353D00251825 /* WoodTile~iphone.jpg */ = {isa = PBXFileReference; lastKnownFileType = image.jpeg; path = "WoodTile~iphone.jpg"; sourceTree = "<group>"; };
		F1106A8C1708354800251825 /* Shelf-Hybrid@2x~ipad.png */ = {isa = PBXFileReference; lastKnownFileType = image.png; path = "Shelf-Hybrid@2x~ipad.png"; sourceTree = "<group>"; };
		F1106A8D1708354800251825 /* Shelf-Hybrid~ipad.png */ = {isa = PBXFileReference; lastKnownFileType = image.png; path = "Shelf-Hybrid~ipad.png"; sourceTree = "<group>"; };
		F1106A8E1708354800251825 /* Shelf-Landscape-568h@2x~iphone.png */ = {isa = PBXFileReference; lastKnownFileType = image.png; path = "Shelf-Landscape-568h@2x~iphone.png"; sourceTree = "<group>"; };
		F1106A8F1708354800251825 /* Shelf-Landscape@2x~ipad.png */ = {isa = PBXFileReference; lastKnownFileType = image.png; path = "Shelf-Landscape@2x~ipad.png"; sourceTree = "<group>"; };
		F1106A901708354800251825 /* Shelf-Landscape@2x~iphone.png */ = {isa = PBXFileReference; lastKnownFileType = image.png; path = "Shelf-Landscape@2x~iphone.png"; sourceTree = "<group>"; };
		F1106A911708354800251825 /* Shelf-Landscape~ipad.png */ = {isa = PBXFileReference; lastKnownFileType = image.png; path = "Shelf-Landscape~ipad.png"; sourceTree = "<group>"; };
		F1106A921708354800251825 /* Shelf-Landscape~iphone.png */ = {isa = PBXFileReference; lastKnownFileType = image.png; path = "Shelf-Landscape~iphone.png"; sourceTree = "<group>"; };
		F1106A931708354800251825 /* Shelf@2x~ipad.png */ = {isa = PBXFileReference; lastKnownFileType = image.png; path = "Shelf@2x~ipad.png"; sourceTree = "<group>"; };
		F1106A941708354800251825 /* Shelf@2x~iphone.png */ = {isa = PBXFileReference; lastKnownFileType = image.png; path = "Shelf@2x~iphone.png"; sourceTree = "<group>"; };
		F1106A951708354800251825 /* Shelf~ipad.png */ = {isa = PBXFileReference; lastKnownFileType = image.png; path = "Shelf~ipad.png"; sourceTree = "<group>"; };
		F1106A961708354800251825 /* Shelf~iphone.png */ = {isa = PBXFileReference; lastKnownFileType = image.png; path = "Shelf~iphone.png"; sourceTree = "<group>"; };
		F143DBB81706DE4400818924 /* BookshelfSkeleton.app */ = {isa = PBXFileReference; explicitFileType = wrapper.application; includeInIndex = 0; path = BookshelfSkeleton.app; sourceTree = BUILT_PRODUCTS_DIR; };
		F143DBBB1706DE4400818924 /* UIKit.framework */ = {isa = PBXFileReference; lastKnownFileType = wrapper.framework; name = UIKit.framework; path = System/Library/Frameworks/UIKit.framework; sourceTree = SDKROOT; };
		F143DBBD1706DE4400818924 /* Foundation.framework */ = {isa = PBXFileReference; lastKnownFileType = wrapper.framework; name = Foundation.framework; path = System/Library/Frameworks/Foundation.framework; sourceTree = SDKROOT; };
		F143DBBF1706DE4400818924 /* CoreGraphics.framework */ = {isa = PBXFileReference; lastKnownFileType = wrapper.framework; name = CoreGraphics.framework; path = System/Library/Frameworks/CoreGraphics.framework; sourceTree = SDKROOT; };
		F143DBC31706DE4400818924 /* BookshelfSkeleton-Info.plist */ = {isa = PBXFileReference; lastKnownFileType = text.plist.xml; path = "BookshelfSkeleton-Info.plist"; sourceTree = "<group>"; };
		F143DBC51706DE4400818924 /* en */ = {isa = PBXFileReference; lastKnownFileType = text.plist.strings; name = en; path = en.lproj/InfoPlist.strings; sourceTree = "<group>"; };
		F143DBC71706DE4400818924 /* main.m */ = {isa = PBXFileReference; lastKnownFileType = sourcecode.c.objc; path = main.m; sourceTree = "<group>"; };
		F143DBC91706DE4400818924 /* BookshelfSkeleton-Prefix.pch */ = {isa = PBXFileReference; lastKnownFileType = sourcecode.c.h; path = "BookshelfSkeleton-Prefix.pch"; sourceTree = "<group>"; };
		F143DBCA1706DE4400818924 /* BKAppDelegate.h */ = {isa = PBXFileReference; lastKnownFileType = sourcecode.c.h; path = BKAppDelegate.h; sourceTree = "<group>"; };
		F143DBCB1706DE4500818924 /* BKAppDelegate.m */ = {isa = PBXFileReference; lastKnownFileType = sourcecode.c.objc; path = BKAppDelegate.m; sourceTree = "<group>"; };
		F143DBCD1706DE4500818924 /* Default.png */ = {isa = PBXFileReference; lastKnownFileType = image.png; path = Default.png; sourceTree = "<group>"; };
		F143DBCF1706DE4500818924 /* Default@2x.png */ = {isa = PBXFileReference; lastKnownFileType = image.png; path = "Default@2x.png"; sourceTree = "<group>"; };
		F143DBD11706DE4500818924 /* Default-568h@2x.png */ = {isa = PBXFileReference; lastKnownFileType = image.png; path = "Default-568h@2x.png"; sourceTree = "<group>"; };
		F143DBD91706DE4500818924 /* BKNavViewController.h */ = {isa = PBXFileReference; lastKnownFileType = sourcecode.c.h; path = BKNavViewController.h; sourceTree = "<group>"; };
		F143DBDA1706DE4500818924 /* BKNavViewController.m */ = {isa = PBXFileReference; lastKnownFileType = sourcecode.c.objc; path = BKNavViewController.m; sourceTree = "<group>"; };
		F143DBE11706E5E200818924 /* readme.rtf */ = {isa = PBXFileReference; lastKnownFileType = text.rtf; path = readme.rtf; sourceTree = "<group>"; };
		F15DFB7F1706FD19005A7CAE /* NavBar-Landscape@2x~iphone.png */ = {isa = PBXFileReference; lastKnownFileType = image.png; path = "NavBar-Landscape@2x~iphone.png"; sourceTree = "<group>"; };
		F15DFB801706FD19005A7CAE /* NavBar-Landscape~iphone.png */ = {isa = PBXFileReference; lastKnownFileType = image.png; path = "NavBar-Landscape~iphone.png"; sourceTree = "<group>"; };
		F15DFB811706FD19005A7CAE /* NavBar@2x~ipad.png */ = {isa = PBXFileReference; lastKnownFileType = image.png; path = "NavBar@2x~ipad.png"; sourceTree = "<group>"; };
		F15DFB821706FD19005A7CAE /* NavBar@2x~iphone.png */ = {isa = PBXFileReference; lastKnownFileType = image.png; path = "NavBar@2x~iphone.png"; sourceTree = "<group>"; };
		F15DFB831706FD19005A7CAE /* NavBar~ipad.png */ = {isa = PBXFileReference; lastKnownFileType = image.png; path = "NavBar~ipad.png"; sourceTree = "<group>"; };
		F15DFB841706FD19005A7CAE /* NavBar~iphone.png */ = {isa = PBXFileReference; lastKnownFileType = image.png; path = "NavBar~iphone.png"; sourceTree = "<group>"; };
/* End PBXFileReference section */

/* Begin PBXFrameworksBuildPhase section */
		F143DBB51706DE4400818924 /* Frameworks */ = {
			isa = PBXFrameworksBuildPhase;
			buildActionMask = 2147483647;
			files = (
				F143DBBC1706DE4400818924 /* UIKit.framework in Frameworks */,
				F143DBBE1706DE4400818924 /* Foundation.framework in Frameworks */,
				F143DBC01706DE4400818924 /* CoreGraphics.framework in Frameworks */,
			);
			runOnlyForDeploymentPostprocessing = 0;
		};
/* End PBXFrameworksBuildPhase section */

/* Begin PBXGroup section */
		F1106A7A1708353D00251825 /* MainFrames */ = {
			isa = PBXGroup;
			children = (
				F1106A7B1708353D00251825 /* woodBackLeft.png */,
				F1106A7C1708353D00251825 /* woodBackLeft@2x.png */,
				F1106A7D1708353D00251825 /* woodBackRight.png */,
				F1106A7E1708353D00251825 /* woodBackRight@2x.png */,
				F1106A7F1708353D00251825 /* WoodTile@2x~ipad.jpg */,
				F1106A801708353D00251825 /* WoodTile@2x~iphone.jpg */,
				F1106A811708353D00251825 /* WoodTile~ipad.jpg */,
				F1106A821708353D00251825 /* WoodTile~iphone.jpg */,
			);
			path = MainFrames;
			sourceTree = "<group>";
		};
		F1106A8B1708354800251825 /* Shelfs */ = {
			isa = PBXGroup;
			children = (
				F1106A8C1708354800251825 /* Shelf-Hybrid@2x~ipad.png */,
				F1106A8D1708354800251825 /* Shelf-Hybrid~ipad.png */,
				F1106A8E1708354800251825 /* Shelf-Landscape-568h@2x~iphone.png */,
				F1106A8F1708354800251825 /* Shelf-Landscape@2x~ipad.png */,
				F1106A901708354800251825 /* Shelf-Landscape@2x~iphone.png */,
				F1106A911708354800251825 /* Shelf-Landscape~ipad.png */,
				F1106A921708354800251825 /* Shelf-Landscape~iphone.png */,
				F1106A931708354800251825 /* Shelf@2x~ipad.png */,
				F1106A941708354800251825 /* Shelf@2x~iphone.png */,
				F1106A951708354800251825 /* Shelf~ipad.png */,
				F1106A961708354800251825 /* Shelf~iphone.png */,
			);
			path = Shelfs;
			sourceTree = "<group>";
		};
		F143DBAF1706DE4400818924 = {
			isa = PBXGroup;
			children = (
				F143DBE11706E5E200818924 /* readme.rtf */,
				F143DBC11706DE4400818924 /* BookshelfSkeleton */,
				F143DBBA1706DE4400818924 /* Frameworks */,
				F143DBB91706DE4400818924 /* Products */,
			);
			sourceTree = "<group>";
		};
		F143DBB91706DE4400818924 /* Products */ = {
			isa = PBXGroup;
			children = (
				F143DBB81706DE4400818924 /* BookshelfSkeleton.app */,
			);
			name = Products;
			sourceTree = "<group>";
		};
		F143DBBA1706DE4400818924 /* Frameworks */ = {
			isa = PBXGroup;
			children = (
				F143DBBB1706DE4400818924 /* UIKit.framework */,
				F143DBBD1706DE4400818924 /* Foundation.framework */,
				F143DBBF1706DE4400818924 /* CoreGraphics.framework */,
			);
			name = Frameworks;
			sourceTree = "<group>";
		};
		F143DBC11706DE4400818924 /* BookshelfSkeleton */ = {
			isa = PBXGroup;
			children = (
				F143DBCA1706DE4400818924 /* BKAppDelegate.h */,
				F143DBCB1706DE4500818924 /* BKAppDelegate.m */,
				F143DBD91706DE4500818924 /* BKNavViewController.h */,
				F143DBDA1706DE4500818924 /* BKNavViewController.m */,
				F143DBC21706DE4400818924 /* Supporting Files */,
			);
			path = BookshelfSkeleton;
			sourceTree = "<group>";
		};
		F143DBC21706DE4400818924 /* Supporting Files */ = {
			isa = PBXGroup;
			children = (
				F15DFB7D1706FD19005A7CAE /* UIResources */,
				F143DBC31706DE4400818924 /* BookshelfSkeleton-Info.plist */,
				F143DBC41706DE4400818924 /* InfoPlist.strings */,
				F143DBC71706DE4400818924 /* main.m */,
				F143DBC91706DE4400818924 /* BookshelfSkeleton-Prefix.pch */,
				F143DBCD1706DE4500818924 /* Default.png */,
				F143DBCF1706DE4500818924 /* Default@2x.png */,
				F143DBD11706DE4500818924 /* Default-568h@2x.png */,
			);
			name = "Supporting Files";
			sourceTree = "<group>";
		};
		F15DFB7D1706FD19005A7CAE /* UIResources */ = {
			isa = PBXGroup;
			children = (
				F1106A8B1708354800251825 /* Shelfs */,
				F1106A7A1708353D00251825 /* MainFrames */,
				F15DFB7E1706FD19005A7CAE /* NavigationBars */,
			);
			path = UIResources;
			sourceTree = "<group>";
		};
		F15DFB7E1706FD19005A7CAE /* NavigationBars */ = {
			isa = PBXGroup;
			children = (
				F15DFB7F1706FD19005A7CAE /* NavBar-Landscape@2x~iphone.png */,
				F15DFB801706FD19005A7CAE /* NavBar-Landscape~iphone.png */,
				F15DFB811706FD19005A7CAE /* NavBar@2x~ipad.png */,
				F15DFB821706FD19005A7CAE /* NavBar@2x~iphone.png */,
				F15DFB831706FD19005A7CAE /* NavBar~ipad.png */,
				F15DFB841706FD19005A7CAE /* NavBar~iphone.png */,
			);
			path = NavigationBars;
			sourceTree = "<group>";
		};
/* End PBXGroup section */

/* Begin PBXNativeTarget section */
		F143DBB71706DE4400818924 /* BookshelfSkeleton */ = {
			isa = PBXNativeTarget;
			buildConfigurationList = F143DBDE1706DE4500818924 /* Build configuration list for PBXNativeTarget "BookshelfSkeleton" */;
			buildPhases = (
				F143DBB41706DE4400818924 /* Sources */,
				F143DBB51706DE4400818924 /* Frameworks */,
				F143DBB61706DE4400818924 /* Resources */,
			);
			buildRules = (
			);
			dependencies = (
			);
			name = BookshelfSkeleton;
			productName = BookshelfSkeleton;
			productReference = F143DBB81706DE4400818924 /* BookshelfSkeleton.app */;
			productType = "com.apple.product-type.application";
		};
/* End PBXNativeTarget section */

/* Begin PBXProject section */
		F143DBB01706DE4400818924 /* Project object */ = {
			isa = PBXProject;
			attributes = {
				CLASSPREFIX = BK;
				LastUpgradeCheck = 0460;
				ORGANIZATIONNAME = "Ding Orlando";
			};
			buildConfigurationList = F143DBB31706DE4400818924 /* Build configuration list for PBXProject "BookshelfSkeleton" */;
			compatibilityVersion = "Xcode 3.2";
			developmentRegion = English;
			hasScannedForEncodings = 0;
			knownRegions = (
				en,
			);
			mainGroup = F143DBAF1706DE4400818924;
			productRefGroup = F143DBB91706DE4400818924 /* Products */;
			projectDirPath = "";
			projectRoot = "";
			targets = (
				F143DBB71706DE4400818924 /* BookshelfSkeleton */,
			);
		};
/* End PBXProject section */

/* Begin PBXResourcesBuildPhase section */
		F143DBB61706DE4400818924 /* Resources */ = {
			isa = PBXResourcesBuildPhase;
			buildActionMask = 2147483647;
			files = (
				F143DBC61706DE4400818924 /* InfoPlist.strings in Resources */,
				F143DBCE1706DE4500818924 /* Default.png in Resources */,
				F143DBD01706DE4500818924 /* Default@2x.png in Resources */,
				F143DBD21706DE4500818924 /* Default-568h@2x.png in Resources */,
				F15DFB851706FD19005A7CAE /* NavBar-Landscape@2x~iphone.png in Resources */,
				F15DFB861706FD19005A7CAE /* NavBar-Landscape~iphone.png in Resources */,
				F15DFB871706FD19005A7CAE /* NavBar@2x~ipad.png in Resources */,
				F15DFB881706FD19005A7CAE /* NavBar@2x~iphone.png in Resources */,
				F15DFB891706FD19005A7CAE /* NavBar~ipad.png in Resources */,
				F15DFB8A1706FD19005A7CAE /* NavBar~iphone.png in Resources */,
				F1106A831708353D00251825 /* woodBackLeft.png in Resources */,
				F1106A841708353D00251825 /* woodBackLeft@2x.png in Resources */,
				F1106A851708353D00251825 /* woodBackRight.png in Resources */,
				F1106A861708353D00251825 /* woodBackRight@2x.png in Resources */,
				F1106A871708353D00251825 /* WoodTile@2x~ipad.jpg in Resources */,
				F1106A881708353D00251825 /* WoodTile@2x~iphone.jpg in Resources */,
				F1106A891708353D00251825 /* WoodTile~ipad.jpg in Resources */,
				F1106A8A1708353D00251825 /* WoodTile~iphone.jpg in Resources */,
				F1106A971708354800251825 /* Shelf-Hybrid@2x~ipad.png in Resources */,
				F1106A981708354800251825 /* Shelf-Hybrid~ipad.png in Resources */,
				F1106A991708354800251825 /* Shelf-Landscape-568h@2x~iphone.png in Resources */,
				F1106A9A1708354800251825 /* Shelf-Landscape@2x~ipad.png in Resources */,
				F1106A9B1708354800251825 /* Shelf-Landscape@2x~iphone.png in Resources */,
				F1106A9C1708354800251825 /* Shelf-Landscape~ipad.png in Resources */,
				F1106A9D1708354800251825 /* Shelf-Landscape~iphone.png in Resources */,
				F1106A9E1708354800251825 /* Shelf@2x~ipad.png in Resources */,
				F1106A9F1708354800251825 /* Shelf@2x~iphone.png in Resources */,
				F1106AA01708354800251825 /* Shelf~ipad.png in Resources */,
				F1106AA11708354800251825 /* Shelf~iphone.png in Resources */,
			);
			runOnlyForDeploymentPostprocessing = 0;
		};
/* End PBXResourcesBuildPhase section */

/* Begin PBXSourcesBuildPhase section */
		F143DBB41706DE4400818924 /* Sources */ = {
			isa = PBXSourcesBuildPhase;
			buildActionMask = 2147483647;
			files = (
				F143DBC81706DE4400818924 /* main.m in Sources */,
				F143DBCC1706DE4500818924 /* BKAppDelegate.m in Sources */,
				F143DBDB1706DE4500818924 /* BKNavViewController.m in Sources */,
			);
			runOnlyForDeploymentPostprocessing = 0;
		};
/* End PBXSourcesBuildPhase section */

/* Begin PBXVariantGroup section */
		F143DBC41706DE4400818924 /* InfoPlist.strings */ = {
			isa = PBXVariantGroup;
			children = (
				F143DBC51706DE4400818924 /* en */,
			);
			name = InfoPlist.strings;
			sourceTree = "<group>";
		};
/* End PBXVariantGroup section */

/* Begin XCBuildConfiguration section */
		F143DBDC1706DE4500818924 /* Debug */ = {
			isa = XCBuildConfiguration;
			buildSettings = {
				ALWAYS_SEARCH_USER_PATHS = NO;
				CLANG_CXX_LANGUAGE_STANDARD = "gnu++0x";
				CLANG_CXX_LIBRARY = "libc++";
				CLANG_ENABLE_OBJC_ARC = YES;
				CLANG_WARN_CONSTANT_CONVERSION = YES;
				CLANG_WARN_EMPTY_BODY = YES;
				CLANG_WARN_ENUM_CONVERSION = YES;
				CLANG_WARN_INT_CONVERSION = YES;
				CLANG_WARN__DUPLICATE_METHOD_MATCH = YES;
				"CODE_SIGN_IDENTITY[sdk=iphoneos*]" = "iPhone Developer";
				COPY_PHASE_STRIP = NO;
				GCC_C_LANGUAGE_STANDARD = gnu99;
				GCC_DYNAMIC_NO_PIC = NO;
				GCC_OPTIMIZATION_LEVEL = 0;
				GCC_PREPROCESSOR_DEFINITIONS = (
					"DEBUG=1",
					"$(inherited)",
				);
				GCC_SYMBOLS_PRIVATE_EXTERN = NO;
				GCC_WARN_ABOUT_RETURN_TYPE = YES;
				GCC_WARN_UNINITIALIZED_AUTOS = YES;
				GCC_WARN_UNUSED_VARIABLE = YES;
				IPHONEOS_DEPLOYMENT_TARGET = 6.1;
				ONLY_ACTIVE_ARCH = YES;
				SDKROOT = iphoneos;
				TARGETED_DEVICE_FAMILY = "1,2";
			};
			name = Debug;
		};
		F143DBDD1706DE4500818924 /* Release */ = {
			isa = XCBuildConfiguration;
			buildSettings = {
				ALWAYS_SEARCH_USER_PATHS = NO;
				CLANG_CXX_LANGUAGE_STANDARD = "gnu++0x";
				CLANG_CXX_LIBRARY = "libc++";
				CLANG_ENABLE_OBJC_ARC = YES;
				CLANG_WARN_CONSTANT_CONVERSION = YES;
				CLANG_WARN_EMPTY_BODY = YES;
				CLANG_WARN_ENUM_CONVERSION = YES;
				CLANG_WARN_INT_CONVERSION = YES;
				CLANG_WARN__DUPLICATE_METHOD_MATCH = YES;
				"CODE_SIGN_IDENTITY[sdk=iphoneos*]" = "iPhone Developer";
				COPY_PHASE_STRIP = YES;
				GCC_C_LANGUAGE_STANDARD = gnu99;
				GCC_WARN_ABOUT_RETURN_TYPE = YES;
				GCC_WARN_UNINITIALIZED_AUTOS = YES;
				GCC_WARN_UNUSED_VARIABLE = YES;
				IPHONEOS_DEPLOYMENT_TARGET = 6.1;
				OTHER_CFLAGS = "-DNS_BLOCK_ASSERTIONS=1";
				SDKROOT = iphoneos;
				TARGETED_DEVICE_FAMILY = "1,2";
				VALIDATE_PRODUCT = YES;
			};
			name = Release;
		};
		F143DBDF1706DE4500818924 /* Debug */ = {
			isa = XCBuildConfiguration;
			buildSettings = {
				GCC_PRECOMPILE_PREFIX_HEADER = YES;
				GCC_PREFIX_HEADER = "BookshelfSkeleton/BookshelfSkeleton-Prefix.pch";
				INFOPLIST_FILE = "BookshelfSkeleton/BookshelfSkeleton-Info.plist";
				PRODUCT_NAME = "$(TARGET_NAME)";
				WRAPPER_EXTENSION = app;
			};
			name = Debug;
		};
		F143DBE01706DE4500818924 /* Release */ = {
			isa = XCBuildConfiguration;
			buildSettings = {
				GCC_PRECOMPILE_PREFIX_HEADER = YES;
				GCC_PREFIX_HEADER = "BookshelfSkeleton/BookshelfSkeleton-Prefix.pch";
				INFOPLIST_FILE = "BookshelfSkeleton/BookshelfSkeleton-Info.plist";
				PRODUCT_NAME = "$(TARGET_NAME)";
				WRAPPER_EXTENSION = app;
			};
			name = Release;
		};
/* End XCBuildConfiguration section */

/* Begin XCConfigurationList section */
		F143DBB31706DE4400818924 /* Build configuration list for PBXProject "BookshelfSkeleton" */ = {
			isa = XCConfigurationList;
			buildConfigurations = (
				F143DBDC1706DE4500818924 /* Debug */,
				F143DBDD1706DE4500818924 /* Release */,
			);
			defaultConfigurationIsVisible = 0;
			defaultConfigurationName = Release;
		};
		F143DBDE1706DE4500818924 /* Build configuration list for PBXNativeTarget "BookshelfSkeleton" */ = {
			isa = XCConfigurationList;
			buildConfigurations = (
				F143DBDF1706DE4500818924 /* Debug */,
				F143DBE01706DE4500818924 /* Release */,
			);
			defaultConfigurationIsVisible = 0;
			defaultConfigurationName = Release;
		};
/* End XCConfigurationList section */
	};
	rootObject = F143DBB01706DE4400818924 /* Project object */;
}
