// !$*UTF8*$!
{
	archiveVersion = 1;
	classes = {
	};
	objectVersion = 46;
	objects = {

/* Begin PBXBuildFile section */
		F1388DBD161BE94C00C040FD /* RootViewController.m in Sources */ = {isa = PBXBuildFile; fileRef = F1388DBB161BE94C00C040FD /* RootViewController.m */; };
		F1388DBE161BE94C00C040FD /* RootViewController.xib in Resources */ = {isa = PBXBuildFile; fileRef = F1388DBC161BE94C00C040FD /* RootViewController.xib */; };
		F1388DC3161BE96400C040FD /* SecondViewController.m in Sources */ = {isa = PBXBuildFile; fileRef = F1388DC1161BE96400C040FD /* SecondViewController.m */; };
		F15853D5161B25F800DD24EE /* UIKit.framework in Frameworks */ = {isa = PBXBuildFile; fileRef = F15853D4161B25F800DD24EE /* UIKit.framework */; };
		F15853D7161B25F800DD24EE /* Foundation.framework in Frameworks */ = {isa = PBXBuildFile; fileRef = F15853D6161B25F800DD24EE /* Foundation.framework */; };
		F15853D9161B25F800DD24EE /* CoreGraphics.framework in Frameworks */ = {isa = PBXBuildFile; fileRef = F15853D8161B25F800DD24EE /* CoreGraphics.framework */; };
		F15853DF161B25F800DD24EE /* InfoPlist.strings in Resources */ = {isa = PBXBuildFile; fileRef = F15853DD161B25F800DD24EE /* InfoPlist.strings */; };
		F15853E1161B25F800DD24EE /* main.m in Sources */ = {isa = PBXBuildFile; fileRef = F15853E0161B25F800DD24EE /* main.m */; };
		F15853E5161B25F800DD24EE /* AppDelegate.m in Sources */ = {isa = PBXBuildFile; fileRef = F15853E4161B25F800DD24EE /* AppDelegate.m */; };
		F15853E7161B25F800DD24EE /* Default.png in Resources */ = {isa = PBXBuildFile; fileRef = F15853E6161B25F800DD24EE /* Default.png */; };
		F15853E9161B25F800DD24EE /* Default@2x.png in Resources */ = {isa = PBXBuildFile; fileRef = F15853E8161B25F800DD24EE /* Default@2x.png */; };
		F15853EB161B25F800DD24EE /* Default-568h@2x.png in Resources */ = {isa = PBXBuildFile; fileRef = F15853EA161B25F800DD24EE /* Default-568h@2x.png */; };
/* End PBXBuildFile section */

/* Begin PBXFileReference section */
		F1388DBA161BE94C00C040FD /* RootViewController.h */ = {isa = PBXFileReference; fileEncoding = 4; lastKnownFileType = sourcecode.c.h; path = RootViewController.h; sourceTree = "<group>"; };
		F1388DBB161BE94C00C040FD /* RootViewController.m */ = {isa = PBXFileReference; fileEncoding = 4; lastKnownFileType = sourcecode.c.objc; path = RootViewController.m; sourceTree = "<group>"; };
		F1388DBC161BE94C00C040FD /* RootViewController.xib */ = {isa = PBXFileReference; fileEncoding = 4; lastKnownFileType = file.xib; path = RootViewController.xib; sourceTree = "<group>"; };
		F1388DC0161BE96400C040FD /* SecondViewController.h */ = {isa = PBXFileReference; fileEncoding = 4; lastKnownFileType = sourcecode.c.h; path = SecondViewController.h; sourceTree = "<group>"; };
		F1388DC1161BE96400C040FD /* SecondViewController.m */ = {isa = PBXFileReference; fileEncoding = 4; lastKnownFileType = sourcecode.c.objc; path = SecondViewController.m; sourceTree = "<group>"; };
		F15853D0161B25F800DD24EE /* 2.11_NavBarButton.app */ = {isa = PBXFileReference; explicitFileType = wrapper.application; includeInIndex = 0; path = 2.11_NavBarButton.app; sourceTree = BUILT_PRODUCTS_DIR; };
		F15853D4161B25F800DD24EE /* UIKit.framework */ = {isa = PBXFileReference; lastKnownFileType = wrapper.framework; name = UIKit.framework; path = System/Library/Frameworks/UIKit.framework; sourceTree = SDKROOT; };
		F15853D6161B25F800DD24EE /* Foundation.framework */ = {isa = PBXFileReference; lastKnownFileType = wrapper.framework; name = Foundation.framework; path = System/Library/Frameworks/Foundation.framework; sourceTree = SDKROOT; };
		F15853D8161B25F800DD24EE /* CoreGraphics.framework */ = {isa = PBXFileReference; lastKnownFileType = wrapper.framework; name = CoreGraphics.framework; path = System/Library/Frameworks/CoreGraphics.framework; sourceTree = SDKROOT; };
		F15853DC161B25F800DD24EE /* 2.11_NavBarButton-Info.plist */ = {isa = PBXFileReference; lastKnownFileType = text.plist.xml; path = "2.11_NavBarButton-Info.plist"; sourceTree = "<group>"; };
		F15853DE161B25F800DD24EE /* en */ = {isa = PBXFileReference; lastKnownFileType = text.plist.strings; name = en; path = en.lproj/InfoPlist.strings; sourceTree = "<group>"; };
		F15853E0161B25F800DD24EE /* main.m */ = {isa = PBXFileReference; lastKnownFileType = sourcecode.c.objc; path = main.m; sourceTree = "<group>"; };
		F15853E2161B25F800DD24EE /* 2.11_NavBarButton-Prefix.pch */ = {isa = PBXFileReference; lastKnownFileType = sourcecode.c.h; path = "2.11_NavBarButton-Prefix.pch"; sourceTree = "<group>"; };
		F15853E3161B25F800DD24EE /* AppDelegate.h */ = {isa = PBXFileReference; lastKnownFileType = sourcecode.c.h; path = AppDelegate.h; sourceTree = "<group>"; };
		F15853E4161B25F800DD24EE /* AppDelegate.m */ = {isa = PBXFileReference; lastKnownFileType = sourcecode.c.objc; path = AppDelegate.m; sourceTree = "<group>"; };
		F15853E6161B25F800DD24EE /* Default.png */ = {isa = PBXFileReference; lastKnownFileType = image.png; path = Default.png; sourceTree = "<group>"; };
		F15853E8161B25F800DD24EE /* Default@2x.png */ = {isa = PBXFileReference; lastKnownFileType = image.png; path = "Default@2x.png"; sourceTree = "<group>"; };
		F15853EA161B25F800DD24EE /* Default-568h@2x.png */ = {isa = PBXFileReference; lastKnownFileType = image.png; path = "Default-568h@2x.png"; sourceTree = "<group>"; };
/* End PBXFileReference section */

/* Begin PBXFrameworksBuildPhase section */
		F15853CD161B25F800DD24EE /* Frameworks */ = {
			isa = PBXFrameworksBuildPhase;
			buildActionMask = 2147483647;
			files = (
				F15853D5161B25F800DD24EE /* UIKit.framework in Frameworks */,
				F15853D7161B25F800DD24EE /* Foundation.framework in Frameworks */,
				F15853D9161B25F800DD24EE /* CoreGraphics.framework in Frameworks */,
			);
			runOnlyForDeploymentPostprocessing = 0;
		};
/* End PBXFrameworksBuildPhase section */

/* Begin PBXGroup section */
		F15853C5161B25F800DD24EE = {
			isa = PBXGroup;
			children = (
				F15853DA161B25F800DD24EE /* 2.11_NavBarButton */,
				F15853D3161B25F800DD24EE /* Frameworks */,
				F15853D1161B25F800DD24EE /* Products */,
			);
			sourceTree = "<group>";
		};
		F15853D1161B25F800DD24EE /* Products */ = {
			isa = PBXGroup;
			children = (
				F15853D0161B25F800DD24EE /* 2.11_NavBarButton.app */,
			);
			name = Products;
			sourceTree = "<group>";
		};
		F15853D3161B25F800DD24EE /* Frameworks */ = {
			isa = PBXGroup;
			children = (
				F15853D4161B25F800DD24EE /* UIKit.framework */,
				F15853D6161B25F800DD24EE /* Foundation.framework */,
				F15853D8161B25F800DD24EE /* CoreGraphics.framework */,
			);
			name = Frameworks;
			sourceTree = "<group>";
		};
		F15853DA161B25F800DD24EE /* 2.11_NavBarButton */ = {
			isa = PBXGroup;
			children = (
				F15853E3161B25F800DD24EE /* AppDelegate.h */,
				F15853E4161B25F800DD24EE /* AppDelegate.m */,
				F1388DBA161BE94C00C040FD /* RootViewController.h */,
				F1388DBB161BE94C00C040FD /* RootViewController.m */,
				F1388DC0161BE96400C040FD /* SecondViewController.h */,
				F1388DC1161BE96400C040FD /* SecondViewController.m */,
				F15853DB161B25F800DD24EE /* Supporting Files */,
			);
			path = 2.11_NavBarButton;
			sourceTree = "<group>";
		};
		F15853DB161B25F800DD24EE /* Supporting Files */ = {
			isa = PBXGroup;
			children = (
				F15853DC161B25F800DD24EE /* 2.11_NavBarButton-Info.plist */,
				F15853DD161B25F800DD24EE /* InfoPlist.strings */,
				F15853E0161B25F800DD24EE /* main.m */,
				F15853E2161B25F800DD24EE /* 2.11_NavBarButton-Prefix.pch */,
				F15853E6161B25F800DD24EE /* Default.png */,
				F15853E8161B25F800DD24EE /* Default@2x.png */,
				F15853EA161B25F800DD24EE /* Default-568h@2x.png */,
				F1388DBC161BE94C00C040FD /* RootViewController.xib */,
			);
			name = "Supporting Files";
			sourceTree = "<group>";
		};
/* End PBXGroup section */

/* Begin PBXNativeTarget section */
		F15853CF161B25F800DD24EE /* 2.11_NavBarButton */ = {
			isa = PBXNativeTarget;
			buildConfigurationList = F15853EE161B25F800DD24EE /* Build configuration list for PBXNativeTarget "2.11_NavBarButton" */;
			buildPhases = (
				F15853CC161B25F800DD24EE /* Sources */,
				F15853CD161B25F800DD24EE /* Frameworks */,
				F15853CE161B25F800DD24EE /* Resources */,
			);
			buildRules = (
			);
			dependencies = (
			);
			name = 2.11_NavBarButton;
			productName = 2.11_NavBarButton;
			productReference = F15853D0161B25F800DD24EE /* 2.11_NavBarButton.app */;
			productType = "com.apple.product-type.application";
		};
/* End PBXNativeTarget section */

/* Begin PBXProject section */
		F15853C7161B25F800DD24EE /* Project object */ = {
			isa = PBXProject;
			attributes = {
				LastUpgradeCheck = 0450;
				ORGANIZATIONNAME = "Ding Orlando";
			};
			buildConfigurationList = F15853CA161B25F800DD24EE /* Build configuration list for PBXProject "2.11_NavBarButton" */;
			compatibilityVersion = "Xcode 3.2";
			developmentRegion = English;
			hasScannedForEncodings = 0;
			knownRegions = (
				en,
			);
			mainGroup = F15853C5161B25F800DD24EE;
			productRefGroup = F15853D1161B25F800DD24EE /* Products */;
			projectDirPath = "";
			projectRoot = "";
			targets = (
				F15853CF161B25F800DD24EE /* 2.11_NavBarButton */,
			);
		};
/* End PBXProject section */

/* Begin PBXResourcesBuildPhase section */
		F15853CE161B25F800DD24EE /* Resources */ = {
			isa = PBXResourcesBuildPhase;
			buildActionMask = 2147483647;
			files = (
				F15853DF161B25F800DD24EE /* InfoPlist.strings in Resources */,
				F15853E7161B25F800DD24EE /* Default.png in Resources */,
				F15853E9161B25F800DD24EE /* Default@2x.png in Resources */,
				F15853EB161B25F800DD24EE /* Default-568h@2x.png in Resources */,
				F1388DBE161BE94C00C040FD /* RootViewController.xib in Resources */,
			);
			runOnlyForDeploymentPostprocessing = 0;
		};
/* End PBXResourcesBuildPhase section */

/* Begin PBXSourcesBuildPhase section */
		F15853CC161B25F800DD24EE /* Sources */ = {
			isa = PBXSourcesBuildPhase;
			buildActionMask = 2147483647;
			files = (
				F15853E1161B25F800DD24EE /* main.m in Sources */,
				F15853E5161B25F800DD24EE /* AppDelegate.m in Sources */,
				F1388DBD161BE94C00C040FD /* RootViewController.m in Sources */,
				F1388DC3161BE96400C040FD /* SecondViewController.m in Sources */,
			);
			runOnlyForDeploymentPostprocessing = 0;
		};
/* End PBXSourcesBuildPhase section */

/* Begin PBXVariantGroup section */
		F15853DD161B25F800DD24EE /* InfoPlist.strings */ = {
			isa = PBXVariantGroup;
			children = (
				F15853DE161B25F800DD24EE /* en */,
			);
			name = InfoPlist.strings;
			sourceTree = "<group>";
		};
/* End PBXVariantGroup section */

/* Begin XCBuildConfiguration section */
		F15853EC161B25F800DD24EE /* Debug */ = {
			isa = XCBuildConfiguration;
			buildSettings = {
				ALWAYS_SEARCH_USER_PATHS = NO;
				CLANG_CXX_LANGUAGE_STANDARD = "gnu++0x";
				CLANG_CXX_LIBRARY = "libc++";
				CLANG_ENABLE_OBJC_ARC = YES;
				CLANG_WARN_EMPTY_BODY = YES;
				CLANG_WARN__DUPLICATE_METHOD_MATCH = YES;
				"CODE_SIGN_IDENTITY[sdk=iphoneos*]" = "iPhone Developer";
				COPY_PHASE_STRIP = NO;
				GCC_C_LANGUAGE_STANDARD = gnu99;
				GCC_DYNAMIC_NO_PIC = NO;
				GCC_OPTIMIZATION_LEVEL = 0;
				GCC_PREPROCESSOR_DEFINITIONS = (
					"DEBUG=1",
					"$(inherited)",
				);
				GCC_SYMBOLS_PRIVATE_EXTERN = NO;
				GCC_WARN_ABOUT_RETURN_TYPE = YES;
				GCC_WARN_UNINITIALIZED_AUTOS = YES;
				GCC_WARN_UNUSED_VARIABLE = YES;
				IPHONEOS_DEPLOYMENT_TARGET = 5.1;
				SDKROOT = iphoneos;
				TARGETED_DEVICE_FAMILY = "1,2";
			};
			name = Debug;
		};
		F15853ED161B25F800DD24EE /* Release */ = {
			isa = XCBuildConfiguration;
			buildSettings = {
				ALWAYS_SEARCH_USER_PATHS = NO;
				CLANG_CXX_LANGUAGE_STANDARD = "gnu++0x";
				CLANG_CXX_LIBRARY = "libc++";
				CLANG_ENABLE_OBJC_ARC = YES;
				CLANG_WARN_EMPTY_BODY = YES;
				CLANG_WARN__DUPLICATE_METHOD_MATCH = YES;
				"CODE_SIGN_IDENTITY[sdk=iphoneos*]" = "iPhone Developer";
				COPY_PHASE_STRIP = YES;
				GCC_C_LANGUAGE_STANDARD = gnu99;
				GCC_WARN_ABOUT_RETURN_TYPE = YES;
				GCC_WARN_UNINITIALIZED_AUTOS = YES;
				GCC_WARN_UNUSED_VARIABLE = YES;
				IPHONEOS_DEPLOYMENT_TARGET = 5.1;
				OTHER_CFLAGS = "-DNS_BLOCK_ASSERTIONS=1";
				SDKROOT = iphoneos;
				TARGETED_DEVICE_FAMILY = "1,2";
				VALIDATE_PRODUCT = YES;
			};
			name = Release;
		};
		F15853EF161B25F800DD24EE /* Debug */ = {
			isa = XCBuildConfiguration;
			buildSettings = {
				GCC_PRECOMPILE_PREFIX_HEADER = YES;
				GCC_PREFIX_HEADER = "2.11_NavBarButton/2.11_NavBarButton-Prefix.pch";
				INFOPLIST_FILE = "2.11_NavBarButton/2.11_NavBarButton-Info.plist";
				PRODUCT_NAME = "$(TARGET_NAME)";
				WRAPPER_EXTENSION = app;
			};
			name = Debug;
		};
		F15853F0161B25F800DD24EE /* Release */ = {
			isa = XCBuildConfiguration;
			buildSettings = {
				GCC_PRECOMPILE_PREFIX_HEADER = YES;
				GCC_PREFIX_HEADER = "2.11_NavBarButton/2.11_NavBarButton-Prefix.pch";
				INFOPLIST_FILE = "2.11_NavBarButton/2.11_NavBarButton-Info.plist";
				PRODUCT_NAME = "$(TARGET_NAME)";
				WRAPPER_EXTENSION = app;
			};
			name = Release;
		};
/* End XCBuildConfiguration section */

/* Begin XCConfigurationList section */
		F15853CA161B25F800DD24EE /* Build configuration list for PBXProject "2.11_NavBarButton" */ = {
			isa = XCConfigurationList;
			buildConfigurations = (
				F15853EC161B25F800DD24EE /* Debug */,
				F15853ED161B25F800DD24EE /* Release */,
			);
			defaultConfigurationIsVisible = 0;
			defaultConfigurationName = Release;
		};
		F15853EE161B25F800DD24EE /* Build configuration list for PBXNativeTarget "2.11_NavBarButton" */ = {
			isa = XCConfigurationList;
			buildConfigurations = (
				F15853EF161B25F800DD24EE /* Debug */,
				F15853F0161B25F800DD24EE /* Release */,
			);
			defaultConfigurationIsVisible = 0;
			defaultConfigurationName = Release;
		};
/* End XCConfigurationList section */
	};
	rootObject = F15853C7161B25F800DD24EE /* Project object */;
}
