// !$*UTF8*$!
{
	archiveVersion = 1;
	classes = {
	};
	objectVersion = 46;
	objects = {

/* Begin PBXBuildFile section */
		F13725F2161B0D3600C0FFDC /* Default-568h@2x.png in Resources */ = {isa = PBXBuildFile; fileRef = F13725F1161B0D3600C0FFDC /* Default-568h@2x.png */; };
		F14714101605FBDC0025728B /* Floor.png in Resources */ = {isa = PBXBuildFile; fileRef = F147140F1605FBDC0025728B /* Floor.png */; };
		F14714131605FC230025728B /* MyView.m in Sources */ = {isa = PBXBuildFile; fileRef = F14714121605FC230025728B /* MyView.m */; };
		F1471418160601030025728B /* Location.png in Resources */ = {isa = PBXBuildFile; fileRef = F1471417160601030025728B /* Location.png */; };
		F147141A1606010A0025728B /* Location@2x.png in Resources */ = {isa = PBXBuildFile; fileRef = F14714191606010A0025728B /* Location@2x.png */; };
		F147142116060D000025728B /* LocationHeading.png in Resources */ = {isa = PBXBuildFile; fileRef = F147141F16060D000025728B /* LocationHeading.png */; };
		F147142216060D000025728B /* LocationHeading@2x.png in Resources */ = {isa = PBXBuildFile; fileRef = F147142016060D000025728B /* LocationHeading@2x.png */; };
		F18358851605A7CA008DA251 /* UIKit.framework in Frameworks */ = {isa = PBXBuildFile; fileRef = F18358841605A7CA008DA251 /* UIKit.framework */; };
		F18358871605A7CA008DA251 /* Foundation.framework in Frameworks */ = {isa = PBXBuildFile; fileRef = F18358861605A7CA008DA251 /* Foundation.framework */; };
		F18358891605A7CA008DA251 /* CoreGraphics.framework in Frameworks */ = {isa = PBXBuildFile; fileRef = F18358881605A7CA008DA251 /* CoreGraphics.framework */; };
		F183588F1605A7CA008DA251 /* InfoPlist.strings in Resources */ = {isa = PBXBuildFile; fileRef = F183588D1605A7CA008DA251 /* InfoPlist.strings */; };
		F18358911605A7CA008DA251 /* main.m in Sources */ = {isa = PBXBuildFile; fileRef = F18358901605A7CA008DA251 /* main.m */; };
		F18358951605A7CA008DA251 /* AppDelegate.m in Sources */ = {isa = PBXBuildFile; fileRef = F18358941605A7CA008DA251 /* AppDelegate.m */; };
		F18358981605A7CA008DA251 /* ViewController.m in Sources */ = {isa = PBXBuildFile; fileRef = F18358971605A7CA008DA251 /* ViewController.m */; };
		F183589B1605A7CA008DA251 /* ViewController_iPhone.xib in Resources */ = {isa = PBXBuildFile; fileRef = F18358991605A7CA008DA251 /* ViewController_iPhone.xib */; };
		F183589E1605A7CA008DA251 /* ViewController_iPad.xib in Resources */ = {isa = PBXBuildFile; fileRef = F183589C1605A7CA008DA251 /* ViewController_iPad.xib */; };
		F18F715F1607653700A17D68 /* myappIcon.png in Resources */ = {isa = PBXBuildFile; fileRef = F18F715E1607653700A17D68 /* myappIcon.png */; };
/* End PBXBuildFile section */

/* Begin PBXFileReference section */
		F13725F1161B0D3600C0FFDC /* Default-568h@2x.png */ = {isa = PBXFileReference; lastKnownFileType = image.png; name = "Default-568h@2x.png"; path = "../Default-568h@2x.png"; sourceTree = "<group>"; };
		F147140F1605FBDC0025728B /* Floor.png */ = {isa = PBXFileReference; lastKnownFileType = image.png; path = Floor.png; sourceTree = "<group>"; };
		F14714111605FC230025728B /* MyView.h */ = {isa = PBXFileReference; fileEncoding = 4; lastKnownFileType = sourcecode.c.h; path = MyView.h; sourceTree = "<group>"; };
		F14714121605FC230025728B /* MyView.m */ = {isa = PBXFileReference; fileEncoding = 4; lastKnownFileType = sourcecode.c.objc; path = MyView.m; sourceTree = "<group>"; };
		F1471417160601030025728B /* Location.png */ = {isa = PBXFileReference; lastKnownFileType = image.png; path = Location.png; sourceTree = "<group>"; };
		F14714191606010A0025728B /* Location@2x.png */ = {isa = PBXFileReference; lastKnownFileType = image.png; path = "Location@2x.png"; sourceTree = "<group>"; };
		F147141F16060D000025728B /* LocationHeading.png */ = {isa = PBXFileReference; lastKnownFileType = image.png; path = LocationHeading.png; sourceTree = "<group>"; };
		F147142016060D000025728B /* LocationHeading@2x.png */ = {isa = PBXFileReference; lastKnownFileType = image.png; path = "LocationHeading@2x.png"; sourceTree = "<group>"; };
		F18358801605A7CA008DA251 /* 00_simpleUserDot.app */ = {isa = PBXFileReference; explicitFileType = wrapper.application; includeInIndex = 0; path = 00_simpleUserDot.app; sourceTree = BUILT_PRODUCTS_DIR; };
		F18358841605A7CA008DA251 /* UIKit.framework */ = {isa = PBXFileReference; lastKnownFileType = wrapper.framework; name = UIKit.framework; path = System/Library/Frameworks/UIKit.framework; sourceTree = SDKROOT; };
		F18358861605A7CA008DA251 /* Foundation.framework */ = {isa = PBXFileReference; lastKnownFileType = wrapper.framework; name = Foundation.framework; path = System/Library/Frameworks/Foundation.framework; sourceTree = SDKROOT; };
		F18358881605A7CA008DA251 /* CoreGraphics.framework */ = {isa = PBXFileReference; lastKnownFileType = wrapper.framework; name = CoreGraphics.framework; path = System/Library/Frameworks/CoreGraphics.framework; sourceTree = SDKROOT; };
		F183588C1605A7CA008DA251 /* 00_simpleUserDot-Info.plist */ = {isa = PBXFileReference; lastKnownFileType = text.plist.xml; path = "00_simpleUserDot-Info.plist"; sourceTree = "<group>"; };
		F183588E1605A7CA008DA251 /* en */ = {isa = PBXFileReference; lastKnownFileType = text.plist.strings; name = en; path = en.lproj/InfoPlist.strings; sourceTree = "<group>"; };
		F18358901605A7CA008DA251 /* main.m */ = {isa = PBXFileReference; lastKnownFileType = sourcecode.c.objc; path = main.m; sourceTree = "<group>"; };
		F18358921605A7CA008DA251 /* 00_simpleUserDot-Prefix.pch */ = {isa = PBXFileReference; lastKnownFileType = sourcecode.c.h; path = "00_simpleUserDot-Prefix.pch"; sourceTree = "<group>"; };
		F18358931605A7CA008DA251 /* AppDelegate.h */ = {isa = PBXFileReference; lastKnownFileType = sourcecode.c.h; path = AppDelegate.h; sourceTree = "<group>"; };
		F18358941605A7CA008DA251 /* AppDelegate.m */ = {isa = PBXFileReference; lastKnownFileType = sourcecode.c.objc; path = AppDelegate.m; sourceTree = "<group>"; };
		F18358961605A7CA008DA251 /* ViewController.h */ = {isa = PBXFileReference; lastKnownFileType = sourcecode.c.h; path = ViewController.h; sourceTree = "<group>"; };
		F18358971605A7CA008DA251 /* ViewController.m */ = {isa = PBXFileReference; lastKnownFileType = sourcecode.c.objc; path = ViewController.m; sourceTree = "<group>"; };
		F183589A1605A7CA008DA251 /* en */ = {isa = PBXFileReference; lastKnownFileType = file.xib; name = en; path = en.lproj/ViewController_iPhone.xib; sourceTree = "<group>"; };
		F183589D1605A7CA008DA251 /* en */ = {isa = PBXFileReference; lastKnownFileType = file.xib; name = en; path = en.lproj/ViewController_iPad.xib; sourceTree = "<group>"; };
		F18F715E1607653700A17D68 /* myappIcon.png */ = {isa = PBXFileReference; lastKnownFileType = image.png; path = myappIcon.png; sourceTree = "<group>"; };
/* End PBXFileReference section */

/* Begin PBXFrameworksBuildPhase section */
		F183587D1605A7CA008DA251 /* Frameworks */ = {
			isa = PBXFrameworksBuildPhase;
			buildActionMask = 2147483647;
			files = (
				F18358851605A7CA008DA251 /* UIKit.framework in Frameworks */,
				F18358871605A7CA008DA251 /* Foundation.framework in Frameworks */,
				F18358891605A7CA008DA251 /* CoreGraphics.framework in Frameworks */,
			);
			runOnlyForDeploymentPostprocessing = 0;
		};
/* End PBXFrameworksBuildPhase section */

/* Begin PBXGroup section */
		F147140D1605FBA80025728B /* map */ = {
			isa = PBXGroup;
			children = (
				F18F715E1607653700A17D68 /* myappIcon.png */,
				F147140F1605FBDC0025728B /* Floor.png */,
				F1471417160601030025728B /* Location.png */,
				F14714191606010A0025728B /* Location@2x.png */,
				F147141F16060D000025728B /* LocationHeading.png */,
				F147142016060D000025728B /* LocationHeading@2x.png */,
			);
			name = map;
			sourceTree = "<group>";
		};
		F18358751605A7CA008DA251 = {
			isa = PBXGroup;
			children = (
				F147140D1605FBA80025728B /* map */,
				F183588A1605A7CA008DA251 /* 00_simpleUserDot */,
				F18358831605A7CA008DA251 /* Frameworks */,
				F18358811605A7CA008DA251 /* Products */,
			);
			sourceTree = "<group>";
		};
		F18358811605A7CA008DA251 /* Products */ = {
			isa = PBXGroup;
			children = (
				F18358801605A7CA008DA251 /* 00_simpleUserDot.app */,
			);
			name = Products;
			sourceTree = "<group>";
		};
		F18358831605A7CA008DA251 /* Frameworks */ = {
			isa = PBXGroup;
			children = (
				F18358841605A7CA008DA251 /* UIKit.framework */,
				F18358861605A7CA008DA251 /* Foundation.framework */,
				F18358881605A7CA008DA251 /* CoreGraphics.framework */,
			);
			name = Frameworks;
			sourceTree = "<group>";
		};
		F183588A1605A7CA008DA251 /* 00_simpleUserDot */ = {
			isa = PBXGroup;
			children = (
				F18358931605A7CA008DA251 /* AppDelegate.h */,
				F18358941605A7CA008DA251 /* AppDelegate.m */,
				F18358961605A7CA008DA251 /* ViewController.h */,
				F18358971605A7CA008DA251 /* ViewController.m */,
				F14714111605FC230025728B /* MyView.h */,
				F14714121605FC230025728B /* MyView.m */,
				F18358991605A7CA008DA251 /* ViewController_iPhone.xib */,
				F183589C1605A7CA008DA251 /* ViewController_iPad.xib */,
				F183588B1605A7CA008DA251 /* Supporting Files */,
			);
			path = 00_simpleUserDot;
			sourceTree = "<group>";
		};
		F183588B1605A7CA008DA251 /* Supporting Files */ = {
			isa = PBXGroup;
			children = (
				F13725F1161B0D3600C0FFDC /* Default-568h@2x.png */,
				F183588C1605A7CA008DA251 /* 00_simpleUserDot-Info.plist */,
				F183588D1605A7CA008DA251 /* InfoPlist.strings */,
				F18358901605A7CA008DA251 /* main.m */,
				F18358921605A7CA008DA251 /* 00_simpleUserDot-Prefix.pch */,
			);
			name = "Supporting Files";
			sourceTree = "<group>";
		};
/* End PBXGroup section */

/* Begin PBXNativeTarget section */
		F183587F1605A7CA008DA251 /* 00_simpleUserDot */ = {
			isa = PBXNativeTarget;
			buildConfigurationList = F18358A11605A7CA008DA251 /* Build configuration list for PBXNativeTarget "00_simpleUserDot" */;
			buildPhases = (
				F183587C1605A7CA008DA251 /* Sources */,
				F183587D1605A7CA008DA251 /* Frameworks */,
				F183587E1605A7CA008DA251 /* Resources */,
			);
			buildRules = (
			);
			dependencies = (
			);
			name = 00_simpleUserDot;
			productName = 00_simpleUserDot;
			productReference = F18358801605A7CA008DA251 /* 00_simpleUserDot.app */;
			productType = "com.apple.product-type.application";
		};
/* End PBXNativeTarget section */

/* Begin PBXProject section */
		F18358771605A7CA008DA251 /* Project object */ = {
			isa = PBXProject;
			attributes = {
				LastUpgradeCheck = 0440;
				ORGANIZATIONNAME = "Ding Orlando";
			};
			buildConfigurationList = F183587A1605A7CA008DA251 /* Build configuration list for PBXProject "00_simpleUserDot" */;
			compatibilityVersion = "Xcode 3.2";
			developmentRegion = English;
			hasScannedForEncodings = 0;
			knownRegions = (
				en,
			);
			mainGroup = F18358751605A7CA008DA251;
			productRefGroup = F18358811605A7CA008DA251 /* Products */;
			projectDirPath = "";
			projectRoot = "";
			targets = (
				F183587F1605A7CA008DA251 /* 00_simpleUserDot */,
			);
		};
/* End PBXProject section */

/* Begin PBXResourcesBuildPhase section */
		F183587E1605A7CA008DA251 /* Resources */ = {
			isa = PBXResourcesBuildPhase;
			buildActionMask = 2147483647;
			files = (
				F183588F1605A7CA008DA251 /* InfoPlist.strings in Resources */,
				F183589B1605A7CA008DA251 /* ViewController_iPhone.xib in Resources */,
				F183589E1605A7CA008DA251 /* ViewController_iPad.xib in Resources */,
				F14714101605FBDC0025728B /* Floor.png in Resources */,
				F1471418160601030025728B /* Location.png in Resources */,
				F147141A1606010A0025728B /* Location@2x.png in Resources */,
				F147142116060D000025728B /* LocationHeading.png in Resources */,
				F147142216060D000025728B /* LocationHeading@2x.png in Resources */,
				F18F715F1607653700A17D68 /* myappIcon.png in Resources */,
				F13725F2161B0D3600C0FFDC /* Default-568h@2x.png in Resources */,
			);
			runOnlyForDeploymentPostprocessing = 0;
		};
/* End PBXResourcesBuildPhase section */

/* Begin PBXSourcesBuildPhase section */
		F183587C1605A7CA008DA251 /* Sources */ = {
			isa = PBXSourcesBuildPhase;
			buildActionMask = 2147483647;
			files = (
				F18358911605A7CA008DA251 /* main.m in Sources */,
				F18358951605A7CA008DA251 /* AppDelegate.m in Sources */,
				F18358981605A7CA008DA251 /* ViewController.m in Sources */,
				F14714131605FC230025728B /* MyView.m in Sources */,
			);
			runOnlyForDeploymentPostprocessing = 0;
		};
/* End PBXSourcesBuildPhase section */

/* Begin PBXVariantGroup section */
		F183588D1605A7CA008DA251 /* InfoPlist.strings */ = {
			isa = PBXVariantGroup;
			children = (
				F183588E1605A7CA008DA251 /* en */,
			);
			name = InfoPlist.strings;
			sourceTree = "<group>";
		};
		F18358991605A7CA008DA251 /* ViewController_iPhone.xib */ = {
			isa = PBXVariantGroup;
			children = (
				F183589A1605A7CA008DA251 /* en */,
			);
			name = ViewController_iPhone.xib;
			sourceTree = "<group>";
		};
		F183589C1605A7CA008DA251 /* ViewController_iPad.xib */ = {
			isa = PBXVariantGroup;
			children = (
				F183589D1605A7CA008DA251 /* en */,
			);
			name = ViewController_iPad.xib;
			sourceTree = "<group>";
		};
/* End PBXVariantGroup section */

/* Begin XCBuildConfiguration section */
		F183589F1605A7CA008DA251 /* Debug */ = {
			isa = XCBuildConfiguration;
			buildSettings = {
				ALWAYS_SEARCH_USER_PATHS = NO;
				ARCHS = "$(ARCHS_STANDARD_32_BIT)";
				CLANG_CXX_LANGUAGE_STANDARD = "gnu++0x";
				CLANG_ENABLE_OBJC_ARC = YES;
				CLANG_WARN__DUPLICATE_METHOD_MATCH = YES;
				"CODE_SIGN_IDENTITY[sdk=iphoneos*]" = "iPhone Developer";
				COPY_PHASE_STRIP = NO;
				GCC_C_LANGUAGE_STANDARD = gnu99;
				GCC_DYNAMIC_NO_PIC = NO;
				GCC_OPTIMIZATION_LEVEL = 0;
				GCC_PREPROCESSOR_DEFINITIONS = (
					"DEBUG=1",
					"$(inherited)",
				);
				GCC_SYMBOLS_PRIVATE_EXTERN = NO;
				GCC_VERSION = com.apple.compilers.llvm.clang.1_0;
				GCC_WARN_ABOUT_RETURN_TYPE = YES;
				GCC_WARN_UNINITIALIZED_AUTOS = YES;
				GCC_WARN_UNUSED_VARIABLE = YES;
				IPHONEOS_DEPLOYMENT_TARGET = 5.1;
				SDKROOT = iphoneos;
				TARGETED_DEVICE_FAMILY = "1,2";
			};
			name = Debug;
		};
		F18358A01605A7CA008DA251 /* Release */ = {
			isa = XCBuildConfiguration;
			buildSettings = {
				ALWAYS_SEARCH_USER_PATHS = NO;
				ARCHS = "$(ARCHS_STANDARD_32_BIT)";
				CLANG_CXX_LANGUAGE_STANDARD = "gnu++0x";
				CLANG_ENABLE_OBJC_ARC = YES;
				CLANG_WARN__DUPLICATE_METHOD_MATCH = YES;
				"CODE_SIGN_IDENTITY[sdk=iphoneos*]" = "iPhone Developer";
				COPY_PHASE_STRIP = YES;
				GCC_C_LANGUAGE_STANDARD = gnu99;
				GCC_VERSION = com.apple.compilers.llvm.clang.1_0;
				GCC_WARN_ABOUT_RETURN_TYPE = YES;
				GCC_WARN_UNINITIALIZED_AUTOS = YES;
				GCC_WARN_UNUSED_VARIABLE = YES;
				IPHONEOS_DEPLOYMENT_TARGET = 5.1;
				OTHER_CFLAGS = "-DNS_BLOCK_ASSERTIONS=1";
				SDKROOT = iphoneos;
				TARGETED_DEVICE_FAMILY = "1,2";
				VALIDATE_PRODUCT = YES;
			};
			name = Release;
		};
		F18358A21605A7CA008DA251 /* Debug */ = {
			isa = XCBuildConfiguration;
			buildSettings = {
				GCC_PRECOMPILE_PREFIX_HEADER = YES;
				GCC_PREFIX_HEADER = "00_simpleUserDot/00_simpleUserDot-Prefix.pch";
				INFOPLIST_FILE = "00_simpleUserDot/00_simpleUserDot-Info.plist";
				PRODUCT_NAME = "$(TARGET_NAME)";
				WRAPPER_EXTENSION = app;
			};
			name = Debug;
		};
		F18358A31605A7CA008DA251 /* Release */ = {
			isa = XCBuildConfiguration;
			buildSettings = {
				GCC_PRECOMPILE_PREFIX_HEADER = YES;
				GCC_PREFIX_HEADER = "00_simpleUserDot/00_simpleUserDot-Prefix.pch";
				INFOPLIST_FILE = "00_simpleUserDot/00_simpleUserDot-Info.plist";
				PRODUCT_NAME = "$(TARGET_NAME)";
				WRAPPER_EXTENSION = app;
			};
			name = Release;
		};
/* End XCBuildConfiguration section */

/* Begin XCConfigurationList section */
		F183587A1605A7CA008DA251 /* Build configuration list for PBXProject "00_simpleUserDot" */ = {
			isa = XCConfigurationList;
			buildConfigurations = (
				F183589F1605A7CA008DA251 /* Debug */,
				F18358A01605A7CA008DA251 /* Release */,
			);
			defaultConfigurationIsVisible = 0;
			defaultConfigurationName = Release;
		};
		F18358A11605A7CA008DA251 /* Build configuration list for PBXNativeTarget "00_simpleUserDot" */ = {
			isa = XCConfigurationList;
			buildConfigurations = (
				F18358A21605A7CA008DA251 /* Debug */,
				F18358A31605A7CA008DA251 /* Release */,
			);
			defaultConfigurationIsVisible = 0;
			defaultConfigurationName = Release;
		};
/* End XCConfigurationList section */
	};
	rootObject = F18358771605A7CA008DA251 /* Project object */;
}
