// !$*UTF8*$!
{
	archiveVersion = 1;
	classes = {
	};
	objectVersion = 46;
	objects = {

/* Begin PBXBuildFile section */
		F111FDAC16C7AA58008BC22C /* iOS6apis.html in Resources */ = {isa = PBXBuildFile; fileRef = F111FDAB16C7AA58008BC22C /* iOS6apis.html */; };
		F174FEAF16C0F39E00E6C68B /* UIKit.framework in Frameworks */ = {isa = PBXBuildFile; fileRef = F174FEAE16C0F39E00E6C68B /* UIKit.framework */; };
		F174FEB116C0F39E00E6C68B /* Foundation.framework in Frameworks */ = {isa = PBXBuildFile; fileRef = F174FEB016C0F39E00E6C68B /* Foundation.framework */; };
		F174FEB316C0F39E00E6C68B /* CoreGraphics.framework in Frameworks */ = {isa = PBXBuildFile; fileRef = F174FEB216C0F39E00E6C68B /* CoreGraphics.framework */; };
		F174FEB916C0F39E00E6C68B /* InfoPlist.strings in Resources */ = {isa = PBXBuildFile; fileRef = F174FEB716C0F39E00E6C68B /* InfoPlist.strings */; };
		F174FEBB16C0F39E00E6C68B /* main.m in Sources */ = {isa = PBXBuildFile; fileRef = F174FEBA16C0F39E00E6C68B /* main.m */; };
		F174FEBF16C0F39E00E6C68B /* AppDelegate.m in Sources */ = {isa = PBXBuildFile; fileRef = F174FEBE16C0F39E00E6C68B /* AppDelegate.m */; };
		F174FEC116C0F39E00E6C68B /* Default.png in Resources */ = {isa = PBXBuildFile; fileRef = F174FEC016C0F39E00E6C68B /* Default.png */; };
		F174FEC316C0F39E00E6C68B /* Default@2x.png in Resources */ = {isa = PBXBuildFile; fileRef = F174FEC216C0F39E00E6C68B /* Default@2x.png */; };
		F174FEC516C0F39E00E6C68B /* Default-568h@2x.png in Resources */ = {isa = PBXBuildFile; fileRef = F174FEC416C0F39E00E6C68B /* Default-568h@2x.png */; };
		F174FEC816C0F39E00E6C68B /* ViewController.m in Sources */ = {isa = PBXBuildFile; fileRef = F174FEC716C0F39E00E6C68B /* ViewController.m */; };
		F174FECB16C0F39E00E6C68B /* ViewController_iPhone.xib in Resources */ = {isa = PBXBuildFile; fileRef = F174FEC916C0F39E00E6C68B /* ViewController_iPhone.xib */; };
		F174FECE16C0F39E00E6C68B /* ViewController_iPad.xib in Resources */ = {isa = PBXBuildFile; fileRef = F174FECC16C0F39E00E6C68B /* ViewController_iPad.xib */; };
		F1BD884716CB33DA00225CFB /* readme.rtfd in Resources */ = {isa = PBXBuildFile; fileRef = F1BD884616CB33DA00225CFB /* readme.rtfd */; };
		F1BD884916CB395B00225CFB /* CoreData.framework in Frameworks */ = {isa = PBXBuildFile; fileRef = F1BD884816CB395B00225CFB /* CoreData.framework */; };
		F1BD884D16CB399600225CFB /* GbookModel.xcdatamodeld in Sources */ = {isa = PBXBuildFile; fileRef = F1BD884B16CB399600225CFB /* GbookModel.xcdatamodeld */; };
		F1BD885016CB3A7000225CFB /* PersistStatus.m in Sources */ = {isa = PBXBuildFile; fileRef = F1BD884F16CB3A7000225CFB /* PersistStatus.m */; };
		F1BD885316CB3B4000225CFB /* DataModelStore.m in Sources */ = {isa = PBXBuildFile; fileRef = F1BD885216CB3B4000225CFB /* DataModelStore.m */; };
/* End PBXBuildFile section */

/* Begin PBXFileReference section */
		F111FDAB16C7AA58008BC22C /* iOS6apis.html */ = {isa = PBXFileReference; fileEncoding = 4; lastKnownFileType = text.html; path = iOS6apis.html; sourceTree = "<group>"; };
		F174FEAB16C0F39E00E6C68B /* OnlineGBooks.app */ = {isa = PBXFileReference; explicitFileType = wrapper.application; includeInIndex = 0; path = OnlineGBooks.app; sourceTree = BUILT_PRODUCTS_DIR; };
		F174FEAE16C0F39E00E6C68B /* UIKit.framework */ = {isa = PBXFileReference; lastKnownFileType = wrapper.framework; name = UIKit.framework; path = System/Library/Frameworks/UIKit.framework; sourceTree = SDKROOT; };
		F174FEB016C0F39E00E6C68B /* Foundation.framework */ = {isa = PBXFileReference; lastKnownFileType = wrapper.framework; name = Foundation.framework; path = System/Library/Frameworks/Foundation.framework; sourceTree = SDKROOT; };
		F174FEB216C0F39E00E6C68B /* CoreGraphics.framework */ = {isa = PBXFileReference; lastKnownFileType = wrapper.framework; name = CoreGraphics.framework; path = System/Library/Frameworks/CoreGraphics.framework; sourceTree = SDKROOT; };
		F174FEB616C0F39E00E6C68B /* OnlineGBooks-Info.plist */ = {isa = PBXFileReference; lastKnownFileType = text.plist.xml; path = "OnlineGBooks-Info.plist"; sourceTree = "<group>"; };
		F174FEB816C0F39E00E6C68B /* en */ = {isa = PBXFileReference; lastKnownFileType = text.plist.strings; name = en; path = en.lproj/InfoPlist.strings; sourceTree = "<group>"; };
		F174FEBA16C0F39E00E6C68B /* main.m */ = {isa = PBXFileReference; lastKnownFileType = sourcecode.c.objc; path = main.m; sourceTree = "<group>"; };
		F174FEBC16C0F39E00E6C68B /* OnlineGBooks-Prefix.pch */ = {isa = PBXFileReference; lastKnownFileType = sourcecode.c.h; path = "OnlineGBooks-Prefix.pch"; sourceTree = "<group>"; };
		F174FEBD16C0F39E00E6C68B /* AppDelegate.h */ = {isa = PBXFileReference; lastKnownFileType = sourcecode.c.h; path = AppDelegate.h; sourceTree = "<group>"; };
		F174FEBE16C0F39E00E6C68B /* AppDelegate.m */ = {isa = PBXFileReference; lastKnownFileType = sourcecode.c.objc; path = AppDelegate.m; sourceTree = "<group>"; };
		F174FEC016C0F39E00E6C68B /* Default.png */ = {isa = PBXFileReference; lastKnownFileType = image.png; path = Default.png; sourceTree = "<group>"; };
		F174FEC216C0F39E00E6C68B /* Default@2x.png */ = {isa = PBXFileReference; lastKnownFileType = image.png; path = "Default@2x.png"; sourceTree = "<group>"; };
		F174FEC416C0F39E00E6C68B /* Default-568h@2x.png */ = {isa = PBXFileReference; lastKnownFileType = image.png; path = "Default-568h@2x.png"; sourceTree = "<group>"; };
		F174FEC616C0F39E00E6C68B /* ViewController.h */ = {isa = PBXFileReference; lastKnownFileType = sourcecode.c.h; path = ViewController.h; sourceTree = "<group>"; };
		F174FEC716C0F39E00E6C68B /* ViewController.m */ = {isa = PBXFileReference; lastKnownFileType = sourcecode.c.objc; path = ViewController.m; sourceTree = "<group>"; };
		F174FECA16C0F39E00E6C68B /* en */ = {isa = PBXFileReference; lastKnownFileType = file.xib; name = en; path = en.lproj/ViewController_iPhone.xib; sourceTree = "<group>"; };
		F174FECD16C0F39E00E6C68B /* en */ = {isa = PBXFileReference; lastKnownFileType = file.xib; name = en; path = en.lproj/ViewController_iPad.xib; sourceTree = "<group>"; };
		F1BD884616CB33DA00225CFB /* readme.rtfd */ = {isa = PBXFileReference; lastKnownFileType = wrapper.rtfd; path = readme.rtfd; sourceTree = "<group>"; };
		F1BD884816CB395B00225CFB /* CoreData.framework */ = {isa = PBXFileReference; lastKnownFileType = wrapper.framework; name = CoreData.framework; path = System/Library/Frameworks/CoreData.framework; sourceTree = SDKROOT; };
		F1BD884C16CB399600225CFB /* GbookModel.xcdatamodel */ = {isa = PBXFileReference; lastKnownFileType = wrapper.xcdatamodel; path = GbookModel.xcdatamodel; sourceTree = "<group>"; };
		F1BD884E16CB3A7000225CFB /* PersistStatus.h */ = {isa = PBXFileReference; fileEncoding = 4; lastKnownFileType = sourcecode.c.h; path = PersistStatus.h; sourceTree = "<group>"; };
		F1BD884F16CB3A7000225CFB /* PersistStatus.m */ = {isa = PBXFileReference; fileEncoding = 4; lastKnownFileType = sourcecode.c.objc; path = PersistStatus.m; sourceTree = "<group>"; };
		F1BD885116CB3B4000225CFB /* DataModelStore.h */ = {isa = PBXFileReference; fileEncoding = 4; lastKnownFileType = sourcecode.c.h; path = DataModelStore.h; sourceTree = "<group>"; };
		F1BD885216CB3B4000225CFB /* DataModelStore.m */ = {isa = PBXFileReference; fileEncoding = 4; lastKnownFileType = sourcecode.c.objc; path = DataModelStore.m; sourceTree = "<group>"; };
/* End PBXFileReference section */

/* Begin PBXFrameworksBuildPhase section */
		F174FEA816C0F39E00E6C68B /* Frameworks */ = {
			isa = PBXFrameworksBuildPhase;
			buildActionMask = 2147483647;
			files = (
				F1BD884916CB395B00225CFB /* CoreData.framework in Frameworks */,
				F174FEAF16C0F39E00E6C68B /* UIKit.framework in Frameworks */,
				F174FEB116C0F39E00E6C68B /* Foundation.framework in Frameworks */,
				F174FEB316C0F39E00E6C68B /* CoreGraphics.framework in Frameworks */,
			);
			runOnlyForDeploymentPostprocessing = 0;
		};
/* End PBXFrameworksBuildPhase section */

/* Begin PBXGroup section */
		F174FEA216C0F39E00E6C68B = {
			isa = PBXGroup;
			children = (
				F1BD884616CB33DA00225CFB /* readme.rtfd */,
				F174FEB416C0F39E00E6C68B /* OnlineGoogleBook */,
				F174FEAD16C0F39E00E6C68B /* Frameworks */,
				F174FEAC16C0F39E00E6C68B /* Products */,
			);
			sourceTree = "<group>";
		};
		F174FEAC16C0F39E00E6C68B /* Products */ = {
			isa = PBXGroup;
			children = (
				F174FEAB16C0F39E00E6C68B /* OnlineGBooks.app */,
			);
			name = Products;
			sourceTree = "<group>";
		};
		F174FEAD16C0F39E00E6C68B /* Frameworks */ = {
			isa = PBXGroup;
			children = (
				F1BD884816CB395B00225CFB /* CoreData.framework */,
				F174FEAE16C0F39E00E6C68B /* UIKit.framework */,
				F174FEB016C0F39E00E6C68B /* Foundation.framework */,
				F174FEB216C0F39E00E6C68B /* CoreGraphics.framework */,
			);
			name = Frameworks;
			sourceTree = "<group>";
		};
		F174FEB416C0F39E00E6C68B /* OnlineGoogleBook */ = {
			isa = PBXGroup;
			children = (
				F174FEBD16C0F39E00E6C68B /* AppDelegate.h */,
				F174FEBE16C0F39E00E6C68B /* AppDelegate.m */,
				F174FEC616C0F39E00E6C68B /* ViewController.h */,
				F174FEC716C0F39E00E6C68B /* ViewController.m */,
				F174FEC916C0F39E00E6C68B /* ViewController_iPhone.xib */,
				F174FECC16C0F39E00E6C68B /* ViewController_iPad.xib */,
				F111FDAB16C7AA58008BC22C /* iOS6apis.html */,
				F1BD884A16CB397100225CFB /* Datamodel */,
				F174FEB516C0F39E00E6C68B /* Supporting Files */,
			);
			path = OnlineGoogleBook;
			sourceTree = "<group>";
		};
		F174FEB516C0F39E00E6C68B /* Supporting Files */ = {
			isa = PBXGroup;
			children = (
				F174FEB616C0F39E00E6C68B /* OnlineGBooks-Info.plist */,
				F174FEB716C0F39E00E6C68B /* InfoPlist.strings */,
				F174FEBA16C0F39E00E6C68B /* main.m */,
				F174FEBC16C0F39E00E6C68B /* OnlineGBooks-Prefix.pch */,
				F174FEC016C0F39E00E6C68B /* Default.png */,
				F174FEC216C0F39E00E6C68B /* Default@2x.png */,
				F174FEC416C0F39E00E6C68B /* Default-568h@2x.png */,
			);
			name = "Supporting Files";
			sourceTree = "<group>";
		};
		F1BD884A16CB397100225CFB /* Datamodel */ = {
			isa = PBXGroup;
			children = (
				F1BD884B16CB399600225CFB /* GbookModel.xcdatamodeld */,
				F1BD884E16CB3A7000225CFB /* PersistStatus.h */,
				F1BD884F16CB3A7000225CFB /* PersistStatus.m */,
				F1BD885116CB3B4000225CFB /* DataModelStore.h */,
				F1BD885216CB3B4000225CFB /* DataModelStore.m */,
			);
			name = Datamodel;
			sourceTree = "<group>";
		};
/* End PBXGroup section */

/* Begin PBXNativeTarget section */
		F174FEAA16C0F39E00E6C68B /* OnlineGBooks */ = {
			isa = PBXNativeTarget;
			buildConfigurationList = F174FED116C0F39E00E6C68B /* Build configuration list for PBXNativeTarget "OnlineGBooks" */;
			buildPhases = (
				F174FEA716C0F39E00E6C68B /* Sources */,
				F174FEA816C0F39E00E6C68B /* Frameworks */,
				F174FEA916C0F39E00E6C68B /* Resources */,
			);
			buildRules = (
			);
			dependencies = (
			);
			name = OnlineGBooks;
			productName = OnlineGoogleBook;
			productReference = F174FEAB16C0F39E00E6C68B /* OnlineGBooks.app */;
			productType = "com.apple.product-type.application";
		};
/* End PBXNativeTarget section */

/* Begin PBXProject section */
		F174FEA316C0F39E00E6C68B /* Project object */ = {
			isa = PBXProject;
			attributes = {
				LastUpgradeCheck = 0460;
				ORGANIZATIONNAME = "Ding Orlando";
			};
			buildConfigurationList = F174FEA616C0F39E00E6C68B /* Build configuration list for PBXProject "OnlineGBooks" */;
			compatibilityVersion = "Xcode 3.2";
			developmentRegion = English;
			hasScannedForEncodings = 0;
			knownRegions = (
				en,
			);
			mainGroup = F174FEA216C0F39E00E6C68B;
			productRefGroup = F174FEAC16C0F39E00E6C68B /* Products */;
			projectDirPath = "";
			projectRoot = "";
			targets = (
				F174FEAA16C0F39E00E6C68B /* OnlineGBooks */,
			);
		};
/* End PBXProject section */

/* Begin PBXResourcesBuildPhase section */
		F174FEA916C0F39E00E6C68B /* Resources */ = {
			isa = PBXResourcesBuildPhase;
			buildActionMask = 2147483647;
			files = (
				F174FEB916C0F39E00E6C68B /* InfoPlist.strings in Resources */,
				F174FEC116C0F39E00E6C68B /* Default.png in Resources */,
				F174FEC316C0F39E00E6C68B /* Default@2x.png in Resources */,
				F174FEC516C0F39E00E6C68B /* Default-568h@2x.png in Resources */,
				F174FECB16C0F39E00E6C68B /* ViewController_iPhone.xib in Resources */,
				F174FECE16C0F39E00E6C68B /* ViewController_iPad.xib in Resources */,
				F111FDAC16C7AA58008BC22C /* iOS6apis.html in Resources */,
				F1BD884716CB33DA00225CFB /* readme.rtfd in Resources */,
			);
			runOnlyForDeploymentPostprocessing = 0;
		};
/* End PBXResourcesBuildPhase section */

/* Begin PBXSourcesBuildPhase section */
		F174FEA716C0F39E00E6C68B /* Sources */ = {
			isa = PBXSourcesBuildPhase;
			buildActionMask = 2147483647;
			files = (
				F174FEBB16C0F39E00E6C68B /* main.m in Sources */,
				F174FEBF16C0F39E00E6C68B /* AppDelegate.m in Sources */,
				F174FEC816C0F39E00E6C68B /* ViewController.m in Sources */,
				F1BD884D16CB399600225CFB /* GbookModel.xcdatamodeld in Sources */,
				F1BD885016CB3A7000225CFB /* PersistStatus.m in Sources */,
				F1BD885316CB3B4000225CFB /* DataModelStore.m in Sources */,
			);
			runOnlyForDeploymentPostprocessing = 0;
		};
/* End PBXSourcesBuildPhase section */

/* Begin PBXVariantGroup section */
		F174FEB716C0F39E00E6C68B /* InfoPlist.strings */ = {
			isa = PBXVariantGroup;
			children = (
				F174FEB816C0F39E00E6C68B /* en */,
			);
			name = InfoPlist.strings;
			sourceTree = "<group>";
		};
		F174FEC916C0F39E00E6C68B /* ViewController_iPhone.xib */ = {
			isa = PBXVariantGroup;
			children = (
				F174FECA16C0F39E00E6C68B /* en */,
			);
			name = ViewController_iPhone.xib;
			sourceTree = "<group>";
		};
		F174FECC16C0F39E00E6C68B /* ViewController_iPad.xib */ = {
			isa = PBXVariantGroup;
			children = (
				F174FECD16C0F39E00E6C68B /* en */,
			);
			name = ViewController_iPad.xib;
			sourceTree = "<group>";
		};
/* End PBXVariantGroup section */

/* Begin XCBuildConfiguration section */
		F174FECF16C0F39E00E6C68B /* Debug */ = {
			isa = XCBuildConfiguration;
			buildSettings = {
				ALWAYS_SEARCH_USER_PATHS = NO;
				CLANG_CXX_LANGUAGE_STANDARD = "gnu++0x";
				CLANG_CXX_LIBRARY = "libc++";
				CLANG_ENABLE_OBJC_ARC = YES;
				CLANG_WARN_CONSTANT_CONVERSION = YES;
				CLANG_WARN_EMPTY_BODY = YES;
				CLANG_WARN_ENUM_CONVERSION = YES;
				CLANG_WARN_INT_CONVERSION = YES;
				CLANG_WARN__DUPLICATE_METHOD_MATCH = YES;
				"CODE_SIGN_IDENTITY[sdk=iphoneos*]" = "iPhone Developer";
				COPY_PHASE_STRIP = NO;
				GCC_C_LANGUAGE_STANDARD = gnu99;
				GCC_DYNAMIC_NO_PIC = NO;
				GCC_OPTIMIZATION_LEVEL = 0;
				GCC_PREPROCESSOR_DEFINITIONS = (
					"DEBUG=1",
					"$(inherited)",
				);
				GCC_SYMBOLS_PRIVATE_EXTERN = NO;
				GCC_WARN_ABOUT_RETURN_TYPE = YES;
				GCC_WARN_UNINITIALIZED_AUTOS = YES;
				GCC_WARN_UNUSED_VARIABLE = YES;
				IPHONEOS_DEPLOYMENT_TARGET = 6.1;
				ONLY_ACTIVE_ARCH = YES;
				SDKROOT = iphoneos;
				TARGETED_DEVICE_FAMILY = "1,2";
			};
			name = Debug;
		};
		F174FED016C0F39E00E6C68B /* Release */ = {
			isa = XCBuildConfiguration;
			buildSettings = {
				ALWAYS_SEARCH_USER_PATHS = NO;
				CLANG_CXX_LANGUAGE_STANDARD = "gnu++0x";
				CLANG_CXX_LIBRARY = "libc++";
				CLANG_ENABLE_OBJC_ARC = YES;
				CLANG_WARN_CONSTANT_CONVERSION = YES;
				CLANG_WARN_EMPTY_BODY = YES;
				CLANG_WARN_ENUM_CONVERSION = YES;
				CLANG_WARN_INT_CONVERSION = YES;
				CLANG_WARN__DUPLICATE_METHOD_MATCH = YES;
				"CODE_SIGN_IDENTITY[sdk=iphoneos*]" = "iPhone Developer";
				COPY_PHASE_STRIP = YES;
				GCC_C_LANGUAGE_STANDARD = gnu99;
				GCC_WARN_ABOUT_RETURN_TYPE = YES;
				GCC_WARN_UNINITIALIZED_AUTOS = YES;
				GCC_WARN_UNUSED_VARIABLE = YES;
				IPHONEOS_DEPLOYMENT_TARGET = 6.1;
				OTHER_CFLAGS = "-DNS_BLOCK_ASSERTIONS=1";
				SDKROOT = iphoneos;
				TARGETED_DEVICE_FAMILY = "1,2";
				VALIDATE_PRODUCT = YES;
			};
			name = Release;
		};
		F174FED216C0F39E00E6C68B /* Debug */ = {
			isa = XCBuildConfiguration;
			buildSettings = {
				GCC_PRECOMPILE_PREFIX_HEADER = YES;
				GCC_PREFIX_HEADER = "OnlineGoogleBook/OnlineGBooks-Prefix.pch";
				INFOPLIST_FILE = "OnlineGoogleBook/OnlineGBooks-Info.plist";
				PRODUCT_NAME = OnlineGBooks;
				WRAPPER_EXTENSION = app;
			};
			name = Debug;
		};
		F174FED316C0F39E00E6C68B /* Release */ = {
			isa = XCBuildConfiguration;
			buildSettings = {
				GCC_PRECOMPILE_PREFIX_HEADER = YES;
				GCC_PREFIX_HEADER = "OnlineGoogleBook/OnlineGBooks-Prefix.pch";
				INFOPLIST_FILE = "OnlineGoogleBook/OnlineGBooks-Info.plist";
				PRODUCT_NAME = OnlineGBooks;
				WRAPPER_EXTENSION = app;
			};
			name = Release;
		};
/* End XCBuildConfiguration section */

/* Begin XCConfigurationList section */
		F174FEA616C0F39E00E6C68B /* Build configuration list for PBXProject "OnlineGBooks" */ = {
			isa = XCConfigurationList;
			buildConfigurations = (
				F174FECF16C0F39E00E6C68B /* Debug */,
				F174FED016C0F39E00E6C68B /* Release */,
			);
			defaultConfigurationIsVisible = 0;
			defaultConfigurationName = Release;
		};
		F174FED116C0F39E00E6C68B /* Build configuration list for PBXNativeTarget "OnlineGBooks" */ = {
			isa = XCConfigurationList;
			buildConfigurations = (
				F174FED216C0F39E00E6C68B /* Debug */,
				F174FED316C0F39E00E6C68B /* Release */,
			);
			defaultConfigurationIsVisible = 0;
			defaultConfigurationName = Release;
		};
/* End XCConfigurationList section */

/* Begin XCVersionGroup section */
		F1BD884B16CB399600225CFB /* GbookModel.xcdatamodeld */ = {
			isa = XCVersionGroup;
			children = (
				F1BD884C16CB399600225CFB /* GbookModel.xcdatamodel */,
			);
			currentVersion = F1BD884C16CB399600225CFB /* GbookModel.xcdatamodel */;
			path = GbookModel.xcdatamodeld;
			sourceTree = "<group>";
			versionGroupType = wrapper.xcdatamodel;
		};
/* End XCVersionGroup section */
	};
	rootObject = F174FEA316C0F39E00E6C68B /* Project object */;
}
